PODS:
  - CHCSVParser (2.0.7)
  - CocoaLumberjack (1.9.1):
    - CocoaLumberjack/Extensions (= 1.9.1)
  - CocoaLumberjack/Core (1.9.1)
  - CocoaLumberjack/Extensions (1.9.1):
    - CocoaLumberjack/Core
  - DFImageManager (0.3.1):
    - DFImageManager/AssetsLibrary (= 0.3.1)
    - DFImageManager/Core (= 0.3.1)
    - DFImageManager/NSURLSession (= 0.3.1)
    - DFImageManager/PhotosKit (= 0.3.1)
    - DFImageManager/UI (= 0.3.1)
  - DFImageManager/AssetsLibrary (0.3.1):
    - DFImageManager/Core
  - DFImageManager/Core (0.3.1)
  - DFImageManager/GIF (0.3.1):
    - DFImageManager/Core
    - FLAnimatedImage (~> 1.0)
  - DFImageManager/NSURLSession (0.3.1):
    - DFImageManager/Core
  - DFImageManager/PhotosKit (0.3.1):
    - DFImageManager/Core
  - DFImageManager/UI (0.3.1):
    - DFImageManager/Core
  - FLAnimatedImage (1.0.8)
  - GPUImage (0.1.6)
  - Harpy (3.3.1)
  - iRate (1.10.3)
  - SIAlertView (1.3)
  - Toast (2.4)
  - TTSwitch (0.0.6)

DEPENDENCIES:
  - CHCSVParser (~> 2.0.7)
  - CocoaLumberjack (~> 1.9)
  - DFImageManager
  - DFImageManager/GIF
  - FLAnimatedImage (~> 1.0)
  - GPUImage (~> 0.1)
  - Harpy (~> 3.3)
  - iRate (~> 1.10)
  - SIAlertView (~> 1.3)
  - Toast (~> 2.4)
  - TTSwitch (~> 0.0.5)

SPEC CHECKSUMS:
  CHCSVParser: 4e0d2f198acd9d7663e4981acecffabd4e3012c1
  CocoaLumberjack: e9b828e64142be63c1c130517b33aa5e235d2413
  DFImageManager: 2ee9701b09a96e7ab4d94f3ca1a6708027587473
  FLAnimatedImage: f9422f796135aff80d8c00b2afc48015bb746e24
  GPUImage: 4675ce4a5370ca92fcea8623b2a08b8f0c51b940
  Harpy: 1c3f286473c97db20a19dda87582331e951036bc
  iRate: 724a3e080d5b0681e50a57d6cef1a81f83c23df3
  SIAlertView: 20c794b55eaf44d888773ea51647cf8907723919
  Toast: 0773b8fc0e97352ca6054517bec7ebdd4110029d
  TTSwitch: fef67a32dbd75e6981a3d27a7e954728e537de50

COCOAPODS: 0.37.2
