// !$*UTF8*$!
{
	archiveVersion = 1;
	classes = {
	};
	objectVersion = 46;
	objects = {

/* Begin PBXBuildFile section */
		024BBF66C11F427CBC9BE8D9 /* libPods.a in Frameworks */ = {isa = PBXBuildFile; fileRef = 86FECE51D319499E8C5B4ED8 /* libPods.a */; };
		6322EB901928214900E7BA72 /* lmao-caption.png in Resources */ = {isa = PBXBuildFile; fileRef = 6322EB8E1928214900E7BA72 /* lmao-caption.png */; };
		6322EB911928214900E7BA72 /* lmao-nocaption.png in Resources */ = {isa = PBXBuildFile; fileRef = 6322EB8F1928214900E7BA72 /* lmao-nocaption.png */; };
		63376EB118E5FBF200DC1204 /* libGoogleAnalyticsServices.a in Frameworks */ = {isa = PBXBuildFile; fileRef = 63376EB018E5FBF200DC1204 /* libGoogleAnalyticsServices.a */; };
		63376EBA18E5FC3500DC1204 /* AdSupport.framework in Frameworks */ = {isa = PBXBuildFile; fileRef = 63376EB918E5FC3500DC1204 /* AdSupport.framework */; };
		63376EBC18E5FC4300DC1204 /* CoreData.framework in Frameworks */ = {isa = PBXBuildFile; fileRef = 63376EBB18E5FC4300DC1204 /* CoreData.framework */; };
		63376EBE18E5FC5000DC1204 /* SystemConfiguration.framework in Frameworks */ = {isa = PBXBuildFile; fileRef = 63376EBD18E5FC5000DC1204 /* SystemConfiguration.framework */; };
		63376EC018E5FC5B00DC1204 /* libz.dylib in Frameworks */ = {isa = PBXBuildFile; fileRef = 63376EBF18E5FC5B00DC1204 /* libz.dylib */; };
		6337EB3D188B11D200332C75 /* OLImage.m in Sources */ = {isa = PBXBuildFile; fileRef = 6337EB3A188B11D200332C75 /* OLImage.m */; };
		6337EB3E188B11D200332C75 /* OLImageView.m in Sources */ = {isa = PBXBuildFile; fileRef = 6337EB3C188B11D200332C75 /* OLImageView.m */; };
		6351833118F6BBA700932C04 /* EboticonGifCell.m in Sources */ = {isa = PBXBuildFile; fileRef = 6351833018F6BBA700932C04 /* EboticonGifCell.m */; };
		635FBCA118CA6A210054D163 /* GifCollectionViewFlowLayout.m in Sources */ = {isa = PBXBuildFile; fileRef = 635FBCA018CA6A210054D163 /* GifCollectionViewFlowLayout.m */; };
		6368612D186D555C00EF3CC5 /* GifCollectionViewController.m in Sources */ = {isa = PBXBuildFile; fileRef = 6368612C186D555C00EF3CC5 /* GifCollectionViewController.m */; };
		6373A00718C2471200E7ECBD /* linkinpark.ttf in Resources */ = {isa = PBXBuildFile; fileRef = 6373A00618C2471200E7ECBD /* linkinpark.ttf */; };
		63A70AB018A606540075B829 /* MoreViewController.m in Sources */ = {isa = PBXBuildFile; fileRef = 63A70AAF18A606540075B829 /* MoreViewController.m */; };
		63A70AB218A609970075B829 /* MessageUI.framework in Frameworks */ = {isa = PBXBuildFile; fileRef = 63A70AB118A609970075B829 /* MessageUI.framework */; };
		63A70AB418A6A0850075B829 /* StoreKit.framework in Frameworks */ = {isa = PBXBuildFile; fileRef = 63A70AB318A6A0850075B829 /* StoreKit.framework */; };
		63A70AB718A6A0F30075B829 /* iTellAFriend.m in Sources */ = {isa = PBXBuildFile; fileRef = 63A70AB618A6A0F30075B829 /* iTellAFriend.m */; };
		63B6CB4318F06D5300D1F08A /* libsqlite3.dylib in Frameworks */ = {isa = PBXBuildFile; fileRef = 63B6CB4218F06D5300D1F08A /* libsqlite3.dylib */; };
		63B6CB4618F07C9600D1F08A /* EboticonGif.m in Sources */ = {isa = PBXBuildFile; fileRef = 63B6CB4518F07C9600D1F08A /* EboticonGif.m */; };
		63B6CB4818F0866A00D1F08A /* eboticon_gifs.csv in Resources */ = {isa = PBXBuildFile; fileRef = 63B6CB4718F0866A00D1F08A /* eboticon_gifs.csv */; };
		63BCCD841920E92200C8508D /* aint_nobody-caption.gif in Resources */ = {isa = PBXBuildFile; fileRef = 63BCCD4B1920E92200C8508D /* aint_nobody-caption.gif */; };
		63BCCD851920E92200C8508D /* aint_nobody-nocaption.gif in Resources */ = {isa = PBXBuildFile; fileRef = 63BCCD4C1920E92200C8508D /* aint_nobody-nocaption.gif */; };
		63BCCD861920E92200C8508D /* applause-nocaption.gif in Resources */ = {isa = PBXBuildFile; fileRef = 63BCCD4D1920E92200C8508D /* applause-nocaption.gif */; };
		63BCCD871920E92200C8508D /* brb-caption.gif in Resources */ = {isa = PBXBuildFile; fileRef = 63BCCD4E1920E92200C8508D /* brb-caption.gif */; };
		63BCCD881920E92200C8508D /* brb-nocaption.gif in Resources */ = {isa = PBXBuildFile; fileRef = 63BCCD4F1920E92200C8508D /* brb-nocaption.gif */; };
		63BCCD8B1920E92200C8508D /* crying-caption.gif in Resources */ = {isa = PBXBuildFile; fileRef = 63BCCD521920E92200C8508D /* crying-caption.gif */; };
		63BCCD8C1920E92200C8508D /* crying-nocaption.gif in Resources */ = {isa = PBXBuildFile; fileRef = 63BCCD531920E92200C8508D /* crying-nocaption.gif */; };
		63BCCD8D1920E92200C8508D /* dead-caption.gif in Resources */ = {isa = PBXBuildFile; fileRef = 63BCCD541920E92200C8508D /* dead-caption.gif */; };
		63BCCD8E1920E92200C8508D /* dead-nocaption.gif in Resources */ = {isa = PBXBuildFile; fileRef = 63BCCD551920E92200C8508D /* dead-nocaption.gif */; };
		63BCCD8F1920E92200C8508D /* fabulous-caption.gif in Resources */ = {isa = PBXBuildFile; fileRef = 63BCCD561920E92200C8508D /* fabulous-caption.gif */; };
		63BCCD901920E92200C8508D /* fabulous-nocaption.gif in Resources */ = {isa = PBXBuildFile; fileRef = 63BCCD571920E92200C8508D /* fabulous-nocaption.gif */; };
		63BCCD911920E92200C8508D /* glory-caption.gif in Resources */ = {isa = PBXBuildFile; fileRef = 63BCCD581920E92200C8508D /* glory-caption.gif */; };
		63BCCD921920E92200C8508D /* glory-nocaption.gif in Resources */ = {isa = PBXBuildFile; fileRef = 63BCCD591920E92200C8508D /* glory-nocaption.gif */; };
		63BCCD931920E92200C8508D /* have_a_seat-caption.gif in Resources */ = {isa = PBXBuildFile; fileRef = 63BCCD5A1920E92200C8508D /* have_a_seat-caption.gif */; };
		63BCCD941920E92200C8508D /* have_a_seat-nocaption.gif in Resources */ = {isa = PBXBuildFile; fileRef = 63BCCD5B1920E92200C8508D /* have_a_seat-nocaption.gif */; };
		63BCCD951920E92200C8508D /* have_several_seats-caption.gif in Resources */ = {isa = PBXBuildFile; fileRef = 63BCCD5C1920E92200C8508D /* have_several_seats-caption.gif */; };
		63BCCD961920E92200C8508D /* have_several_seats-nocaption.gif in Resources */ = {isa = PBXBuildFile; fileRef = 63BCCD5D1920E92200C8508D /* have_several_seats-nocaption.gif */; };
		63BCCD971920E92200C8508D /* hey_boo_hey-caption.gif in Resources */ = {isa = PBXBuildFile; fileRef = 63BCCD5E1920E92200C8508D /* hey_boo_hey-caption.gif */; };
		63BCCD981920E92200C8508D /* hey_boo_hey-nocaption.gif in Resources */ = {isa = PBXBuildFile; fileRef = 63BCCD5F1920E92200C8508D /* hey_boo_hey-nocaption.gif */; };
		63BCCD991920E92200C8508D /* i_cant-caption.gif in Resources */ = {isa = PBXBuildFile; fileRef = 63BCCD601920E92200C8508D /* i_cant-caption.gif */; };
		63BCCD9A1920E92200C8508D /* i_cant-nocaption.gif in Resources */ = {isa = PBXBuildFile; fileRef = 63BCCD611920E92200C8508D /* i_cant-nocaption.gif */; };
		63BCCD9B1920E92200C8508D /* kisses-caption.gif in Resources */ = {isa = PBXBuildFile; fileRef = 63BCCD621920E92200C8508D /* kisses-caption.gif */; };
		63BCCD9C1920E92200C8508D /* kisses-nocaption.gif in Resources */ = {isa = PBXBuildFile; fileRef = 63BCCD631920E92200C8508D /* kisses-nocaption.gif */; };
		63BCCD9D1920E92200C8508D /* lmao-caption.gif in Resources */ = {isa = PBXBuildFile; fileRef = 63BCCD641920E92200C8508D /* lmao-caption.gif */; };
		63BCCD9E1920E92200C8508D /* lmao-nocaption.gif in Resources */ = {isa = PBXBuildFile; fileRef = 63BCCD651920E92200C8508D /* lmao-nocaption.gif */; };
		63BCCD9F1920E92200C8508D /* oh_crap-caption.gif in Resources */ = {isa = PBXBuildFile; fileRef = 63BCCD661920E92200C8508D /* oh_crap-caption.gif */; };
		63BCCDA01920E92200C8508D /* oh_crap-nocaption.gif in Resources */ = {isa = PBXBuildFile; fileRef = 63BCCD671920E92200C8508D /* oh_crap-nocaption.gif */; };
		63BCCDA11920E92200C8508D /* one_sec-caption.gif in Resources */ = {isa = PBXBuildFile; fileRef = 63BCCD681920E92200C8508D /* one_sec-caption.gif */; };
		63BCCDA21920E92200C8508D /* one_sec-nocaption.gif in Resources */ = {isa = PBXBuildFile; fileRef = 63BCCD691920E92200C8508D /* one_sec-nocaption.gif */; };
		63BCCDA31920E92200C8508D /* really_female-caption.gif in Resources */ = {isa = PBXBuildFile; fileRef = 63BCCD6A1920E92200C8508D /* really_female-caption.gif */; };
		63BCCDA41920E92200C8508D /* really_female-nocaption.gif in Resources */ = {isa = PBXBuildFile; fileRef = 63BCCD6B1920E92200C8508D /* really_female-nocaption.gif */; };
		63BCCDA51920E92200C8508D /* really_male-caption.gif in Resources */ = {isa = PBXBuildFile; fileRef = 63BCCD6C1920E92200C8508D /* really_male-caption.gif */; };
		63BCCDA61920E92200C8508D /* really_male-nocaption.gif in Resources */ = {isa = PBXBuildFile; fileRef = 63BCCD6D1920E92200C8508D /* really_male-nocaption.gif */; };
		63BCCDA71920E92200C8508D /* schwam-caption.gif in Resources */ = {isa = PBXBuildFile; fileRef = 63BCCD6E1920E92200C8508D /* schwam-caption.gif */; };
		63BCCDA81920E92200C8508D /* schwam-nocaption.gif in Resources */ = {isa = PBXBuildFile; fileRef = 63BCCD6F1920E92200C8508D /* schwam-nocaption.gif */; };
		63BCCDA91920E92200C8508D /* shade-caption.gif in Resources */ = {isa = PBXBuildFile; fileRef = 63BCCD701920E92200C8508D /* shade-caption.gif */; };
		63BCCDAA1920E92200C8508D /* shade-nocaption.gif in Resources */ = {isa = PBXBuildFile; fileRef = 63BCCD711920E92200C8508D /* shade-nocaption.gif */; };
		63BCCDAB1920E92200C8508D /* that_aint_funny-caption.gif in Resources */ = {isa = PBXBuildFile; fileRef = 63BCCD721920E92200C8508D /* that_aint_funny-caption.gif */; };
		63BCCDAC1920E92200C8508D /* that_aint_funny-nocaption.gif in Resources */ = {isa = PBXBuildFile; fileRef = 63BCCD731920E92200C8508D /* that_aint_funny-nocaption.gif */; };
		63BCCDAD1920E92200C8508D /* thinking_about_you-caption.gif in Resources */ = {isa = PBXBuildFile; fileRef = 63BCCD741920E92200C8508D /* thinking_about_you-caption.gif */; };
		63BCCDAE1920E92200C8508D /* thinking_about_you-nocaption.gif in Resources */ = {isa = PBXBuildFile; fileRef = 63BCCD751920E92200C8508D /* thinking_about_you-nocaption.gif */; };
		63BCCDAF1920E92200C8508D /* turn_up-caption.gif in Resources */ = {isa = PBXBuildFile; fileRef = 63BCCD761920E92200C8508D /* turn_up-caption.gif */; };
		63BCCDB01920E92200C8508D /* turn_up-nocaption.gif in Resources */ = {isa = PBXBuildFile; fileRef = 63BCCD771920E92200C8508D /* turn_up-nocaption.gif */; };
		63BCCDB11920E92200C8508D /* twerkteam-caption.gif in Resources */ = {isa = PBXBuildFile; fileRef = 63BCCD781920E92200C8508D /* twerkteam-caption.gif */; };
		63BCCDB21920E92200C8508D /* twerkteam-nocaption.gif in Resources */ = {isa = PBXBuildFile; fileRef = 63BCCD791920E92200C8508D /* twerkteam-nocaption.gif */; };
		63BCCDB31920E92200C8508D /* wont_he_do_it_female-caption.gif in Resources */ = {isa = PBXBuildFile; fileRef = 63BCCD7A1920E92200C8508D /* wont_he_do_it_female-caption.gif */; };
		63BCCDB41920E92200C8508D /* wont_he_do_it_female-nocaption.gif in Resources */ = {isa = PBXBuildFile; fileRef = 63BCCD7B1920E92200C8508D /* wont_he_do_it_female-nocaption.gif */; };
		63BCCDB51920E92200C8508D /* wont_he_do_it_male-caption.gif in Resources */ = {isa = PBXBuildFile; fileRef = 63BCCD7C1920E92200C8508D /* wont_he_do_it_male-caption.gif */; };
		63BCCDB61920E92200C8508D /* wont_he_do_it_male-nocaption.gif in Resources */ = {isa = PBXBuildFile; fileRef = 63BCCD7D1920E92200C8508D /* wont_he_do_it_male-nocaption.gif */; };
		63BCCDB71920E92200C8508D /* wth-caption.gif in Resources */ = {isa = PBXBuildFile; fileRef = 63BCCD7E1920E92200C8508D /* wth-caption.gif */; };
		63BCCDB81920E92200C8508D /* wth-nocaption.gif in Resources */ = {isa = PBXBuildFile; fileRef = 63BCCD7F1920E92200C8508D /* wth-nocaption.gif */; };
		63BCCDB91920E92200C8508D /* yas-caption.gif in Resources */ = {isa = PBXBuildFile; fileRef = 63BCCD801920E92200C8508D /* yas-caption.gif */; };
		63BCCDBA1920E92200C8508D /* yas-nocaption.gif in Resources */ = {isa = PBXBuildFile; fileRef = 63BCCD811920E92200C8508D /* yas-nocaption.gif */; };
		63BCCDBB1920E92200C8508D /* you_mad-caption.gif in Resources */ = {isa = PBXBuildFile; fileRef = 63BCCD821920E92200C8508D /* you_mad-caption.gif */; };
		63BCCDBC1920E92200C8508D /* you_mad-nocaption.gif in Resources */ = {isa = PBXBuildFile; fileRef = 63BCCD831920E92200C8508D /* you_mad-nocaption.gif */; };
		63BCCDF21920E96B00C8508D /* aint_nobody-caption.png in Resources */ = {isa = PBXBuildFile; fileRef = 63BCCDBE1920E96B00C8508D /* aint_nobody-caption.png */; };
		63BCCDF31920E96B00C8508D /* aint_nobody-nocaption.png in Resources */ = {isa = PBXBuildFile; fileRef = 63BCCDBF1920E96B00C8508D /* aint_nobody-nocaption.png */; };
		63BCCDF41920E96B00C8508D /* congrats-caption.png in Resources */ = {isa = PBXBuildFile; fileRef = 63BCCDC01920E96B00C8508D /* congrats-caption.png */; };
		63BCCDF51920E96B00C8508D /* congrats-nocaption.png in Resources */ = {isa = PBXBuildFile; fileRef = 63BCCDC11920E96B00C8508D /* congrats-nocaption.png */; };
		63BCCDF61920E96B00C8508D /* crying-caption.png in Resources */ = {isa = PBXBuildFile; fileRef = 63BCCDC21920E96B00C8508D /* crying-caption.png */; };
		63BCCDF71920E96B00C8508D /* crying-nocaption.png in Resources */ = {isa = PBXBuildFile; fileRef = 63BCCDC31920E96B00C8508D /* crying-nocaption.png */; };
		63BCCDF81920E96B00C8508D /* dead-caption.png in Resources */ = {isa = PBXBuildFile; fileRef = 63BCCDC41920E96B00C8508D /* dead-caption.png */; };
		63BCCDF91920E96B00C8508D /* dead-nocaption.png in Resources */ = {isa = PBXBuildFile; fileRef = 63BCCDC51920E96B00C8508D /* dead-nocaption.png */; };
		63BCCDFA1920E96B00C8508D /* fabulous-caption.png in Resources */ = {isa = PBXBuildFile; fileRef = 63BCCDC61920E96B00C8508D /* fabulous-caption.png */; };
		63BCCDFB1920E96B00C8508D /* fabulous-nocaption.png in Resources */ = {isa = PBXBuildFile; fileRef = 63BCCDC71920E96B00C8508D /* fabulous-nocaption.png */; };
		63BCCDFC1920E96B00C8508D /* glory-caption.png in Resources */ = {isa = PBXBuildFile; fileRef = 63BCCDC81920E96B00C8508D /* glory-caption.png */; };
		63BCCDFD1920E96B00C8508D /* glory-nocaption.png in Resources */ = {isa = PBXBuildFile; fileRef = 63BCCDC91920E96B00C8508D /* glory-nocaption.png */; };
		63BCCDFE1920E96B00C8508D /* have_a_seat-caption.png in Resources */ = {isa = PBXBuildFile; fileRef = 63BCCDCA1920E96B00C8508D /* have_a_seat-caption.png */; };
		63BCCDFF1920E96B00C8508D /* have_a_seat-nocaption.png in Resources */ = {isa = PBXBuildFile; fileRef = 63BCCDCB1920E96B00C8508D /* have_a_seat-nocaption.png */; };
		63BCCE001920E96B00C8508D /* have_several_seats-caption.png in Resources */ = {isa = PBXBuildFile; fileRef = 63BCCDCC1920E96B00C8508D /* have_several_seats-caption.png */; };
		63BCCE011920E96B00C8508D /* have_several_seats-nocaption.png in Resources */ = {isa = PBXBuildFile; fileRef = 63BCCDCD1920E96B00C8508D /* have_several_seats-nocaption.png */; };
		63BCCE021920E96B00C8508D /* hey_boo_hey-caption.png in Resources */ = {isa = PBXBuildFile; fileRef = 63BCCDCE1920E96B00C8508D /* hey_boo_hey-caption.png */; };
		63BCCE031920E96B00C8508D /* hey_boo_hey-nocaption.png in Resources */ = {isa = PBXBuildFile; fileRef = 63BCCDCF1920E96B00C8508D /* hey_boo_hey-nocaption.png */; };
		63BCCE041920E96B00C8508D /* i_cant-caption.png in Resources */ = {isa = PBXBuildFile; fileRef = 63BCCDD01920E96B00C8508D /* i_cant-caption.png */; };
		63BCCE051920E96B00C8508D /* i_cant-nocaption.png in Resources */ = {isa = PBXBuildFile; fileRef = 63BCCDD11920E96B00C8508D /* i_cant-nocaption.png */; };
		63BCCE061920E96B00C8508D /* kisses-caption.png in Resources */ = {isa = PBXBuildFile; fileRef = 63BCCDD21920E96B00C8508D /* kisses-caption.png */; };
		63BCCE071920E96B00C8508D /* kisses-nocaption.png in Resources */ = {isa = PBXBuildFile; fileRef = 63BCCDD31920E96B00C8508D /* kisses-nocaption.png */; };
		63BCCE0A1920E96B00C8508D /* oh_crap-caption.png in Resources */ = {isa = PBXBuildFile; fileRef = 63BCCDD61920E96B00C8508D /* oh_crap-caption.png */; };
		63BCCE0B1920E96B00C8508D /* oh_crap-nocaption.png in Resources */ = {isa = PBXBuildFile; fileRef = 63BCCDD71920E96B00C8508D /* oh_crap-nocaption.png */; };
		63BCCE0C1920E96B00C8508D /* one_sec-caption.png in Resources */ = {isa = PBXBuildFile; fileRef = 63BCCDD81920E96B00C8508D /* one_sec-caption.png */; };
		63BCCE0D1920E96B00C8508D /* one_sec-nocaption.png in Resources */ = {isa = PBXBuildFile; fileRef = 63BCCDD91920E96B00C8508D /* one_sec-nocaption.png */; };
		63BCCE0E1920E96B00C8508D /* really_female-caption.png in Resources */ = {isa = PBXBuildFile; fileRef = 63BCCDDA1920E96B00C8508D /* really_female-caption.png */; };
		63BCCE0F1920E96B00C8508D /* really_female-nocaption.png in Resources */ = {isa = PBXBuildFile; fileRef = 63BCCDDB1920E96B00C8508D /* really_female-nocaption.png */; };
		63BCCE101920E96B00C8508D /* really_male-caption.png in Resources */ = {isa = PBXBuildFile; fileRef = 63BCCDDC1920E96B00C8508D /* really_male-caption.png */; };
		63BCCE111920E96B00C8508D /* really_male-nocaption.png in Resources */ = {isa = PBXBuildFile; fileRef = 63BCCDDD1920E96B00C8508D /* really_male-nocaption.png */; };
		63BCCE121920E96B00C8508D /* shade-caption.png in Resources */ = {isa = PBXBuildFile; fileRef = 63BCCDDE1920E96B00C8508D /* shade-caption.png */; };
		63BCCE131920E96B00C8508D /* shade-nocaption.png in Resources */ = {isa = PBXBuildFile; fileRef = 63BCCDDF1920E96B00C8508D /* shade-nocaption.png */; };
		63BCCE141920E96B00C8508D /* that_aint_funny-caption.png in Resources */ = {isa = PBXBuildFile; fileRef = 63BCCDE01920E96B00C8508D /* that_aint_funny-caption.png */; };
		63BCCE151920E96B00C8508D /* that_aint_funny-nocaption.png in Resources */ = {isa = PBXBuildFile; fileRef = 63BCCDE11920E96B00C8508D /* that_aint_funny-nocaption.png */; };
		63BCCE161920E96B00C8508D /* thinking_about_you-caption.png in Resources */ = {isa = PBXBuildFile; fileRef = 63BCCDE21920E96B00C8508D /* thinking_about_you-caption.png */; };
		63BCCE171920E96B00C8508D /* thinking_about_you-nocaption.png in Resources */ = {isa = PBXBuildFile; fileRef = 63BCCDE31920E96B00C8508D /* thinking_about_you-nocaption.png */; };
		63BCCE181920E96B00C8508D /* turn_up-caption.png in Resources */ = {isa = PBXBuildFile; fileRef = 63BCCDE41920E96B00C8508D /* turn_up-caption.png */; };
		63BCCE191920E96B00C8508D /* turn_up-nocaption.png in Resources */ = {isa = PBXBuildFile; fileRef = 63BCCDE51920E96B00C8508D /* turn_up-nocaption.png */; };
		63BCCE1A1920E96B00C8508D /* twerkteam-caption.png in Resources */ = {isa = PBXBuildFile; fileRef = 63BCCDE61920E96B00C8508D /* twerkteam-caption.png */; };
		63BCCE1B1920E96B00C8508D /* twerkteam-nocaption.png in Resources */ = {isa = PBXBuildFile; fileRef = 63BCCDE71920E96B00C8508D /* twerkteam-nocaption.png */; };
		63BCCE1C1920E96B00C8508D /* wont_he_do_it_female-caption.png in Resources */ = {isa = PBXBuildFile; fileRef = 63BCCDE81920E96B00C8508D /* wont_he_do_it_female-caption.png */; };
		63BCCE1D1920E96B00C8508D /* wont_he_do_it_female-nocaption.png in Resources */ = {isa = PBXBuildFile; fileRef = 63BCCDE91920E96B00C8508D /* wont_he_do_it_female-nocaption.png */; };
		63BCCE1E1920E96B00C8508D /* wont_he_do_it_male-caption.png in Resources */ = {isa = PBXBuildFile; fileRef = 63BCCDEA1920E96B00C8508D /* wont_he_do_it_male-caption.png */; };
		63BCCE1F1920E96B00C8508D /* wont_he_do_it_male-nocaption.png in Resources */ = {isa = PBXBuildFile; fileRef = 63BCCDEB1920E96B00C8508D /* wont_he_do_it_male-nocaption.png */; };
		63BCCE201920E96B00C8508D /* wth-caption.png in Resources */ = {isa = PBXBuildFile; fileRef = 63BCCDEC1920E96B00C8508D /* wth-caption.png */; };
		63BCCE211920E96B00C8508D /* wth-nocaption.png in Resources */ = {isa = PBXBuildFile; fileRef = 63BCCDED1920E96B00C8508D /* wth-nocaption.png */; };
		63BCCE221920E96B00C8508D /* yas-caption.png in Resources */ = {isa = PBXBuildFile; fileRef = 63BCCDEE1920E96B00C8508D /* yas-caption.png */; };
		63BCCE231920E96B00C8508D /* yas-nocaption.png in Resources */ = {isa = PBXBuildFile; fileRef = 63BCCDEF1920E96B00C8508D /* yas-nocaption.png */; };
		63BCCE241920E96B00C8508D /* you_mad-caption.png in Resources */ = {isa = PBXBuildFile; fileRef = 63BCCDF01920E96B00C8508D /* you_mad-caption.png */; };
		63BCCE251920E96B00C8508D /* you_mad-nocaption.png in Resources */ = {isa = PBXBuildFile; fileRef = 63BCCDF11920E96B00C8508D /* you_mad-nocaption.png */; };
		63CE781B18AD65090069049F /* GifDetailViewController.m in Sources */ = {isa = PBXBuildFile; fileRef = 63CE781A18AD65090069049F /* GifDetailViewController.m */; };
		63CE781E18AD6B040069049F /* EboticonViewController.m in Sources */ = {isa = PBXBuildFile; fileRef = 63CE781D18AD6B040069049F /* EboticonViewController.m */; };
		63D46B0819142CAD001A0ABB /* icant.gif in Resources */ = {isa = PBXBuildFile; fileRef = 63D46B0719142CAD001A0ABB /* icant.gif */; };
		63D57F90192FCA2900C00C85 /* congrats-caption.gif in Resources */ = {isa = PBXBuildFile; fileRef = 63D57F8E192FCA2900C00C85 /* congrats-caption.gif */; };
		63D57F91192FCA2900C00C85 /* congrats-nocaption.gif in Resources */ = {isa = PBXBuildFile; fileRef = 63D57F8F192FCA2900C00C85 /* congrats-nocaption.gif */; };
		63FAE3871868CC0200116D73 /* Foundation.framework in Frameworks */ = {isa = PBXBuildFile; fileRef = 63FAE3861868CC0200116D73 /* Foundation.framework */; };
		63FAE3891868CC0200116D73 /* CoreGraphics.framework in Frameworks */ = {isa = PBXBuildFile; fileRef = 63FAE3881868CC0200116D73 /* CoreGraphics.framework */; };
		63FAE38B1868CC0200116D73 /* UIKit.framework in Frameworks */ = {isa = PBXBuildFile; fileRef = 63FAE38A1868CC0200116D73 /* UIKit.framework */; };
		63FAE3911868CC0200116D73 /* InfoPlist.strings in Resources */ = {isa = PBXBuildFile; fileRef = 63FAE38F1868CC0200116D73 /* InfoPlist.strings */; };
		63FAE3931868CC0200116D73 /* main.m in Sources */ = {isa = PBXBuildFile; fileRef = 63FAE3921868CC0200116D73 /* main.m */; };
		63FAE3971868CC0200116D73 /* AppDelegate.m in Sources */ = {isa = PBXBuildFile; fileRef = 63FAE3961868CC0200116D73 /* AppDelegate.m */; };
		63FAE39A1868CC0200116D73 /* Main.storyboard in Resources */ = {isa = PBXBuildFile; fileRef = 63FAE3981868CC0200116D73 /* Main.storyboard */; };
		63FAE39D1868CC0200116D73 /* MasterViewController.m in Sources */ = {isa = PBXBuildFile; fileRef = 63FAE39C1868CC0200116D73 /* MasterViewController.m */; };
		63FAE3A21868CC0200116D73 /* Images.xcassets in Resources */ = {isa = PBXBuildFile; fileRef = 63FAE3A11868CC0200116D73 /* Images.xcassets */; };
		63FAE3A91868CC0200116D73 /* XCTest.framework in Frameworks */ = {isa = PBXBuildFile; fileRef = 63FAE3A81868CC0200116D73 /* XCTest.framework */; };
		63FAE3AA1868CC0200116D73 /* Foundation.framework in Frameworks */ = {isa = PBXBuildFile; fileRef = 63FAE3861868CC0200116D73 /* Foundation.framework */; };
		63FAE3AB1868CC0200116D73 /* UIKit.framework in Frameworks */ = {isa = PBXBuildFile; fileRef = 63FAE38A1868CC0200116D73 /* UIKit.framework */; };
		63FAE3B31868CC0200116D73 /* InfoPlist.strings in Resources */ = {isa = PBXBuildFile; fileRef = 63FAE3B11868CC0200116D73 /* InfoPlist.strings */; };
		63FAE3B51868CC0200116D73 /* Eboticon1_2Tests.m in Sources */ = {isa = PBXBuildFile; fileRef = 63FAE3B41868CC0200116D73 /* Eboticon1_2Tests.m */; };
		63FAE3C31868CCE900116D73 /* JMCategoryData.m in Sources */ = {isa = PBXBuildFile; fileRef = 63FAE3C01868CCE900116D73 /* JMCategoryData.m */; };
		63FAE3C41868CCE900116D73 /* JMCategoriesData.m in Sources */ = {isa = PBXBuildFile; fileRef = 63FAE3C21868CCE900116D73 /* JMCategoriesData.m */; };
/* End PBXBuildFile section */

/* Begin PBXContainerItemProxy section */
		63FAE3AC1868CC0200116D73 /* PBXContainerItemProxy */ = {
			isa = PBXContainerItemProxy;
			containerPortal = 63FAE37B1868CC0200116D73 /* Project object */;
			proxyType = 1;
			remoteGlobalIDString = 63FAE3821868CC0200116D73;
			remoteInfo = Eboticon1.2;
		};
/* End PBXContainerItemProxy section */

/* Begin PBXFileReference section */
		6322EB8E1928214900E7BA72 /* lmao-caption.png */ = {isa = PBXFileReference; lastKnownFileType = image.png; path = "lmao-caption.png"; sourceTree = "<group>"; };
		6322EB8F1928214900E7BA72 /* lmao-nocaption.png */ = {isa = PBXFileReference; lastKnownFileType = image.png; path = "lmao-nocaption.png"; sourceTree = "<group>"; };
		63376EB018E5FBF200DC1204 /* libGoogleAnalyticsServices.a */ = {isa = PBXFileReference; lastKnownFileType = archive.ar; path = libGoogleAnalyticsServices.a; sourceTree = "<group>"; };
		63376EB318E5FC0800DC1204 /* GAI.h */ = {isa = PBXFileReference; fileEncoding = 4; lastKnownFileType = sourcecode.c.h; path = GAI.h; sourceTree = "<group>"; };
		63376EB418E5FC0800DC1204 /* GAIDictionaryBuilder.h */ = {isa = PBXFileReference; fileEncoding = 4; lastKnownFileType = sourcecode.c.h; path = GAIDictionaryBuilder.h; sourceTree = "<group>"; };
		63376EB518E5FC0800DC1204 /* GAIFields.h */ = {isa = PBXFileReference; fileEncoding = 4; lastKnownFileType = sourcecode.c.h; path = GAIFields.h; sourceTree = "<group>"; };
		63376EB618E5FC0800DC1204 /* GAILogger.h */ = {isa = PBXFileReference; fileEncoding = 4; lastKnownFileType = sourcecode.c.h; path = GAILogger.h; sourceTree = "<group>"; };
		63376EB718E5FC0800DC1204 /* GAITrackedViewController.h */ = {isa = PBXFileReference; fileEncoding = 4; lastKnownFileType = sourcecode.c.h; path = GAITrackedViewController.h; sourceTree = "<group>"; };
		63376EB818E5FC0800DC1204 /* GAITracker.h */ = {isa = PBXFileReference; fileEncoding = 4; lastKnownFileType = sourcecode.c.h; path = GAITracker.h; sourceTree = "<group>"; };
		63376EB918E5FC3500DC1204 /* AdSupport.framework */ = {isa = PBXFileReference; lastKnownFileType = wrapper.framework; name = AdSupport.framework; path = System/Library/Frameworks/AdSupport.framework; sourceTree = SDKROOT; };
		63376EBB18E5FC4300DC1204 /* CoreData.framework */ = {isa = PBXFileReference; lastKnownFileType = wrapper.framework; name = CoreData.framework; path = System/Library/Frameworks/CoreData.framework; sourceTree = SDKROOT; };
		63376EBD18E5FC5000DC1204 /* SystemConfiguration.framework */ = {isa = PBXFileReference; lastKnownFileType = wrapper.framework; name = SystemConfiguration.framework; path = System/Library/Frameworks/SystemConfiguration.framework; sourceTree = SDKROOT; };
		63376EBF18E5FC5B00DC1204 /* libz.dylib */ = {isa = PBXFileReference; lastKnownFileType = "compiled.mach-o.dylib"; name = libz.dylib; path = usr/lib/libz.dylib; sourceTree = SDKROOT; };
		6337EB39188B11D200332C75 /* OLImage.h */ = {isa = PBXFileReference; fileEncoding = 4; lastKnownFileType = sourcecode.c.h; path = OLImage.h; sourceTree = "<group>"; };
		6337EB3A188B11D200332C75 /* OLImage.m */ = {isa = PBXFileReference; fileEncoding = 4; lastKnownFileType = sourcecode.c.objc; path = OLImage.m; sourceTree = "<group>"; };
		6337EB3B188B11D200332C75 /* OLImageView.h */ = {isa = PBXFileReference; fileEncoding = 4; lastKnownFileType = sourcecode.c.h; path = OLImageView.h; sourceTree = "<group>"; };
		6337EB3C188B11D200332C75 /* OLImageView.m */ = {isa = PBXFileReference; fileEncoding = 4; lastKnownFileType = sourcecode.c.objc; path = OLImageView.m; sourceTree = "<group>"; };
		6351832F18F6BBA700932C04 /* EboticonGifCell.h */ = {isa = PBXFileReference; fileEncoding = 4; lastKnownFileType = sourcecode.c.h; name = EboticonGifCell.h; path = ../EboticonGifCell.h; sourceTree = "<group>"; };
		6351833018F6BBA700932C04 /* EboticonGifCell.m */ = {isa = PBXFileReference; fileEncoding = 4; lastKnownFileType = sourcecode.c.objc; name = EboticonGifCell.m; path = ../EboticonGifCell.m; sourceTree = "<group>"; };
		635FBC9F18CA6A210054D163 /* GifCollectionViewFlowLayout.h */ = {isa = PBXFileReference; fileEncoding = 4; lastKnownFileType = sourcecode.c.h; path = GifCollectionViewFlowLayout.h; sourceTree = "<group>"; };
		635FBCA018CA6A210054D163 /* GifCollectionViewFlowLayout.m */ = {isa = PBXFileReference; fileEncoding = 4; lastKnownFileType = sourcecode.c.objc; path = GifCollectionViewFlowLayout.m; sourceTree = "<group>"; };
		6368612B186D555C00EF3CC5 /* GifCollectionViewController.h */ = {isa = PBXFileReference; fileEncoding = 4; lastKnownFileType = sourcecode.c.h; path = GifCollectionViewController.h; sourceTree = "<group>"; };
		6368612C186D555C00EF3CC5 /* GifCollectionViewController.m */ = {isa = PBXFileReference; fileEncoding = 4; lastKnownFileType = sourcecode.c.objc; path = GifCollectionViewController.m; sourceTree = "<group>"; };
		6373A00618C2471200E7ECBD /* linkinpark.ttf */ = {isa = PBXFileReference; lastKnownFileType = file; path = linkinpark.ttf; sourceTree = "<group>"; };
		63A70AAE18A606540075B829 /* MoreViewController.h */ = {isa = PBXFileReference; fileEncoding = 4; lastKnownFileType = sourcecode.c.h; path = MoreViewController.h; sourceTree = "<group>"; };
		63A70AAF18A606540075B829 /* MoreViewController.m */ = {isa = PBXFileReference; fileEncoding = 4; lastKnownFileType = sourcecode.c.objc; path = MoreViewController.m; sourceTree = "<group>"; };
		63A70AB118A609970075B829 /* MessageUI.framework */ = {isa = PBXFileReference; lastKnownFileType = wrapper.framework; name = MessageUI.framework; path = System/Library/Frameworks/MessageUI.framework; sourceTree = SDKROOT; };
		63A70AB318A6A0850075B829 /* StoreKit.framework */ = {isa = PBXFileReference; lastKnownFileType = wrapper.framework; name = StoreKit.framework; path = System/Library/Frameworks/StoreKit.framework; sourceTree = SDKROOT; };
		63A70AB518A6A0F30075B829 /* iTellAFriend.h */ = {isa = PBXFileReference; fileEncoding = 4; lastKnownFileType = sourcecode.c.h; path = iTellAFriend.h; sourceTree = "<group>"; };
		63A70AB618A6A0F30075B829 /* iTellAFriend.m */ = {isa = PBXFileReference; fileEncoding = 4; lastKnownFileType = sourcecode.c.objc; path = iTellAFriend.m; sourceTree = "<group>"; };
		63B6CB4218F06D5300D1F08A /* libsqlite3.dylib */ = {isa = PBXFileReference; lastKnownFileType = "compiled.mach-o.dylib"; name = libsqlite3.dylib; path = usr/lib/libsqlite3.dylib; sourceTree = SDKROOT; };
		63B6CB4418F07C9600D1F08A /* EboticonGif.h */ = {isa = PBXFileReference; fileEncoding = 4; lastKnownFileType = sourcecode.c.h; path = EboticonGif.h; sourceTree = "<group>"; };
		63B6CB4518F07C9600D1F08A /* EboticonGif.m */ = {isa = PBXFileReference; fileEncoding = 4; lastKnownFileType = sourcecode.c.objc; path = EboticonGif.m; sourceTree = "<group>"; };
		63B6CB4718F0866A00D1F08A /* eboticon_gifs.csv */ = {isa = PBXFileReference; fileEncoding = 4; lastKnownFileType = text; path = eboticon_gifs.csv; sourceTree = "<group>"; };
		63B6CB4918F0B20000D1F08A /* libPods-CHCSVParser.a */ = {isa = PBXFileReference; lastKnownFileType = archive.ar; name = "libPods-CHCSVParser.a"; path = "Pods/build/Debug-iphoneos/libPods-CHCSVParser.a"; sourceTree = "<group>"; };
		63BCCD4B1920E92200C8508D /* aint_nobody-caption.gif */ = {isa = PBXFileReference; lastKnownFileType = image.gif; path = "aint_nobody-caption.gif"; sourceTree = "<group>"; };
		63BCCD4C1920E92200C8508D /* aint_nobody-nocaption.gif */ = {isa = PBXFileReference; lastKnownFileType = image.gif; path = "aint_nobody-nocaption.gif"; sourceTree = "<group>"; };
		63BCCD4D1920E92200C8508D /* applause-nocaption.gif */ = {isa = PBXFileReference; lastKnownFileType = image.gif; path = "applause-nocaption.gif"; sourceTree = "<group>"; };
		63BCCD4E1920E92200C8508D /* brb-caption.gif */ = {isa = PBXFileReference; lastKnownFileType = image.gif; path = "brb-caption.gif"; sourceTree = "<group>"; };
		63BCCD4F1920E92200C8508D /* brb-nocaption.gif */ = {isa = PBXFileReference; lastKnownFileType = image.gif; path = "brb-nocaption.gif"; sourceTree = "<group>"; };
		63BCCD521920E92200C8508D /* crying-caption.gif */ = {isa = PBXFileReference; lastKnownFileType = image.gif; path = "crying-caption.gif"; sourceTree = "<group>"; };
		63BCCD531920E92200C8508D /* crying-nocaption.gif */ = {isa = PBXFileReference; lastKnownFileType = image.gif; path = "crying-nocaption.gif"; sourceTree = "<group>"; };
		63BCCD541920E92200C8508D /* dead-caption.gif */ = {isa = PBXFileReference; lastKnownFileType = image.gif; path = "dead-caption.gif"; sourceTree = "<group>"; };
		63BCCD551920E92200C8508D /* dead-nocaption.gif */ = {isa = PBXFileReference; lastKnownFileType = image.gif; path = "dead-nocaption.gif"; sourceTree = "<group>"; };
		63BCCD561920E92200C8508D /* fabulous-caption.gif */ = {isa = PBXFileReference; lastKnownFileType = image.gif; path = "fabulous-caption.gif"; sourceTree = "<group>"; };
		63BCCD571920E92200C8508D /* fabulous-nocaption.gif */ = {isa = PBXFileReference; lastKnownFileType = image.gif; path = "fabulous-nocaption.gif"; sourceTree = "<group>"; };
		63BCCD581920E92200C8508D /* glory-caption.gif */ = {isa = PBXFileReference; lastKnownFileType = image.gif; path = "glory-caption.gif"; sourceTree = "<group>"; };
		63BCCD591920E92200C8508D /* glory-nocaption.gif */ = {isa = PBXFileReference; lastKnownFileType = image.gif; path = "glory-nocaption.gif"; sourceTree = "<group>"; };
		63BCCD5A1920E92200C8508D /* have_a_seat-caption.gif */ = {isa = PBXFileReference; lastKnownFileType = image.gif; path = "have_a_seat-caption.gif"; sourceTree = "<group>"; };
		63BCCD5B1920E92200C8508D /* have_a_seat-nocaption.gif */ = {isa = PBXFileReference; lastKnownFileType = image.gif; path = "have_a_seat-nocaption.gif"; sourceTree = "<group>"; };
		63BCCD5C1920E92200C8508D /* have_several_seats-caption.gif */ = {isa = PBXFileReference; lastKnownFileType = image.gif; path = "have_several_seats-caption.gif"; sourceTree = "<group>"; };
		63BCCD5D1920E92200C8508D /* have_several_seats-nocaption.gif */ = {isa = PBXFileReference; lastKnownFileType = image.gif; path = "have_several_seats-nocaption.gif"; sourceTree = "<group>"; };
		63BCCD5E1920E92200C8508D /* hey_boo_hey-caption.gif */ = {isa = PBXFileReference; lastKnownFileType = image.gif; path = "hey_boo_hey-caption.gif"; sourceTree = "<group>"; };
		63BCCD5F1920E92200C8508D /* hey_boo_hey-nocaption.gif */ = {isa = PBXFileReference; lastKnownFileType = image.gif; path = "hey_boo_hey-nocaption.gif"; sourceTree = "<group>"; };
		63BCCD601920E92200C8508D /* i_cant-caption.gif */ = {isa = PBXFileReference; lastKnownFileType = image.gif; path = "i_cant-caption.gif"; sourceTree = "<group>"; };
		63BCCD611920E92200C8508D /* i_cant-nocaption.gif */ = {isa = PBXFileReference; lastKnownFileType = image.gif; path = "i_cant-nocaption.gif"; sourceTree = "<group>"; };
		63BCCD621920E92200C8508D /* kisses-caption.gif */ = {isa = PBXFileReference; lastKnownFileType = image.gif; path = "kisses-caption.gif"; sourceTree = "<group>"; };
		63BCCD631920E92200C8508D /* kisses-nocaption.gif */ = {isa = PBXFileReference; lastKnownFileType = image.gif; path = "kisses-nocaption.gif"; sourceTree = "<group>"; };
		63BCCD641920E92200C8508D /* lmao-caption.gif */ = {isa = PBXFileReference; lastKnownFileType = image.gif; path = "lmao-caption.gif"; sourceTree = "<group>"; };
		63BCCD651920E92200C8508D /* lmao-nocaption.gif */ = {isa = PBXFileReference; lastKnownFileType = image.gif; path = "lmao-nocaption.gif"; sourceTree = "<group>"; };
		63BCCD661920E92200C8508D /* oh_crap-caption.gif */ = {isa = PBXFileReference; lastKnownFileType = image.gif; path = "oh_crap-caption.gif"; sourceTree = "<group>"; };
		63BCCD671920E92200C8508D /* oh_crap-nocaption.gif */ = {isa = PBXFileReference; lastKnownFileType = image.gif; path = "oh_crap-nocaption.gif"; sourceTree = "<group>"; };
		63BCCD681920E92200C8508D /* one_sec-caption.gif */ = {isa = PBXFileReference; lastKnownFileType = image.gif; path = "one_sec-caption.gif"; sourceTree = "<group>"; };
		63BCCD691920E92200C8508D /* one_sec-nocaption.gif */ = {isa = PBXFileReference; lastKnownFileType = image.gif; path = "one_sec-nocaption.gif"; sourceTree = "<group>"; };
		63BCCD6A1920E92200C8508D /* really_female-caption.gif */ = {isa = PBXFileReference; lastKnownFileType = image.gif; path = "really_female-caption.gif"; sourceTree = "<group>"; };
		63BCCD6B1920E92200C8508D /* really_female-nocaption.gif */ = {isa = PBXFileReference; lastKnownFileType = image.gif; path = "really_female-nocaption.gif"; sourceTree = "<group>"; };
		63BCCD6C1920E92200C8508D /* really_male-caption.gif */ = {isa = PBXFileReference; lastKnownFileType = image.gif; path = "really_male-caption.gif"; sourceTree = "<group>"; };
		63BCCD6D1920E92200C8508D /* really_male-nocaption.gif */ = {isa = PBXFileReference; lastKnownFileType = image.gif; path = "really_male-nocaption.gif"; sourceTree = "<group>"; };
		63BCCD6E1920E92200C8508D /* schwam-caption.gif */ = {isa = PBXFileReference; lastKnownFileType = image.gif; path = "schwam-caption.gif"; sourceTree = "<group>"; };
		63BCCD6F1920E92200C8508D /* schwam-nocaption.gif */ = {isa = PBXFileReference; lastKnownFileType = image.gif; path = "schwam-nocaption.gif"; sourceTree = "<group>"; };
		63BCCD701920E92200C8508D /* shade-caption.gif */ = {isa = PBXFileReference; lastKnownFileType = image.gif; path = "shade-caption.gif"; sourceTree = "<group>"; };
		63BCCD711920E92200C8508D /* shade-nocaption.gif */ = {isa = PBXFileReference; lastKnownFileType = image.gif; path = "shade-nocaption.gif"; sourceTree = "<group>"; };
		63BCCD721920E92200C8508D /* that_aint_funny-caption.gif */ = {isa = PBXFileReference; lastKnownFileType = image.gif; path = "that_aint_funny-caption.gif"; sourceTree = "<group>"; };
		63BCCD731920E92200C8508D /* that_aint_funny-nocaption.gif */ = {isa = PBXFileReference; lastKnownFileType = image.gif; path = "that_aint_funny-nocaption.gif"; sourceTree = "<group>"; };
		63BCCD741920E92200C8508D /* thinking_about_you-caption.gif */ = {isa = PBXFileReference; lastKnownFileType = image.gif; path = "thinking_about_you-caption.gif"; sourceTree = "<group>"; };
		63BCCD751920E92200C8508D /* thinking_about_you-nocaption.gif */ = {isa = PBXFileReference; lastKnownFileType = image.gif; path = "thinking_about_you-nocaption.gif"; sourceTree = "<group>"; };
		63BCCD761920E92200C8508D /* turn_up-caption.gif */ = {isa = PBXFileReference; lastKnownFileType = image.gif; path = "turn_up-caption.gif"; sourceTree = "<group>"; };
		63BCCD771920E92200C8508D /* turn_up-nocaption.gif */ = {isa = PBXFileReference; lastKnownFileType = image.gif; path = "turn_up-nocaption.gif"; sourceTree = "<group>"; };
		63BCCD781920E92200C8508D /* twerkteam-caption.gif */ = {isa = PBXFileReference; lastKnownFileType = image.gif; path = "twerkteam-caption.gif"; sourceTree = "<group>"; };
		63BCCD791920E92200C8508D /* twerkteam-nocaption.gif */ = {isa = PBXFileReference; lastKnownFileType = image.gif; path = "twerkteam-nocaption.gif"; sourceTree = "<group>"; };
		63BCCD7A1920E92200C8508D /* wont_he_do_it_female-caption.gif */ = {isa = PBXFileReference; lastKnownFileType = image.gif; path = "wont_he_do_it_female-caption.gif"; sourceTree = "<group>"; };
		63BCCD7B1920E92200C8508D /* wont_he_do_it_female-nocaption.gif */ = {isa = PBXFileReference; lastKnownFileType = image.gif; path = "wont_he_do_it_female-nocaption.gif"; sourceTree = "<group>"; };
		63BCCD7C1920E92200C8508D /* wont_he_do_it_male-caption.gif */ = {isa = PBXFileReference; lastKnownFileType = image.gif; path = "wont_he_do_it_male-caption.gif"; sourceTree = "<group>"; };
		63BCCD7D1920E92200C8508D /* wont_he_do_it_male-nocaption.gif */ = {isa = PBXFileReference; lastKnownFileType = image.gif; path = "wont_he_do_it_male-nocaption.gif"; sourceTree = "<group>"; };
		63BCCD7E1920E92200C8508D /* wth-caption.gif */ = {isa = PBXFileReference; lastKnownFileType = image.gif; path = "wth-caption.gif"; sourceTree = "<group>"; };
		63BCCD7F1920E92200C8508D /* wth-nocaption.gif */ = {isa = PBXFileReference; lastKnownFileType = image.gif; path = "wth-nocaption.gif"; sourceTree = "<group>"; };
		63BCCD801920E92200C8508D /* yas-caption.gif */ = {isa = PBXFileReference; lastKnownFileType = image.gif; path = "yas-caption.gif"; sourceTree = "<group>"; };
		63BCCD811920E92200C8508D /* yas-nocaption.gif */ = {isa = PBXFileReference; lastKnownFileType = image.gif; path = "yas-nocaption.gif"; sourceTree = "<group>"; };
		63BCCD821920E92200C8508D /* you_mad-caption.gif */ = {isa = PBXFileReference; lastKnownFileType = image.gif; path = "you_mad-caption.gif"; sourceTree = "<group>"; };
		63BCCD831920E92200C8508D /* you_mad-nocaption.gif */ = {isa = PBXFileReference; lastKnownFileType = image.gif; path = "you_mad-nocaption.gif"; sourceTree = "<group>"; };
		63BCCDBE1920E96B00C8508D /* aint_nobody-caption.png */ = {isa = PBXFileReference; lastKnownFileType = image.png; path = "aint_nobody-caption.png"; sourceTree = "<group>"; };
		63BCCDBF1920E96B00C8508D /* aint_nobody-nocaption.png */ = {isa = PBXFileReference; lastKnownFileType = image.png; path = "aint_nobody-nocaption.png"; sourceTree = "<group>"; };
		63BCCDC01920E96B00C8508D /* congrats-caption.png */ = {isa = PBXFileReference; lastKnownFileType = image.png; path = "congrats-caption.png"; sourceTree = "<group>"; };
		63BCCDC11920E96B00C8508D /* congrats-nocaption.png */ = {isa = PBXFileReference; lastKnownFileType = image.png; path = "congrats-nocaption.png"; sourceTree = "<group>"; };
		63BCCDC21920E96B00C8508D /* crying-caption.png */ = {isa = PBXFileReference; lastKnownFileType = image.png; path = "crying-caption.png"; sourceTree = "<group>"; };
		63BCCDC31920E96B00C8508D /* crying-nocaption.png */ = {isa = PBXFileReference; lastKnownFileType = image.png; path = "crying-nocaption.png"; sourceTree = "<group>"; };
		63BCCDC41920E96B00C8508D /* dead-caption.png */ = {isa = PBXFileReference; lastKnownFileType = image.png; path = "dead-caption.png"; sourceTree = "<group>"; };
		63BCCDC51920E96B00C8508D /* dead-nocaption.png */ = {isa = PBXFileReference; lastKnownFileType = image.png; path = "dead-nocaption.png"; sourceTree = "<group>"; };
		63BCCDC61920E96B00C8508D /* fabulous-caption.png */ = {isa = PBXFileReference; lastKnownFileType = image.png; path = "fabulous-caption.png"; sourceTree = "<group>"; };
		63BCCDC71920E96B00C8508D /* fabulous-nocaption.png */ = {isa = PBXFileReference; lastKnownFileType = image.png; path = "fabulous-nocaption.png"; sourceTree = "<group>"; };
		63BCCDC81920E96B00C8508D /* glory-caption.png */ = {isa = PBXFileReference; lastKnownFileType = image.png; path = "glory-caption.png"; sourceTree = "<group>"; };
		63BCCDC91920E96B00C8508D /* glory-nocaption.png */ = {isa = PBXFileReference; lastKnownFileType = image.png; path = "glory-nocaption.png"; sourceTree = "<group>"; };
		63BCCDCA1920E96B00C8508D /* have_a_seat-caption.png */ = {isa = PBXFileReference; lastKnownFileType = image.png; path = "have_a_seat-caption.png"; sourceTree = "<group>"; };
		63BCCDCB1920E96B00C8508D /* have_a_seat-nocaption.png */ = {isa = PBXFileReference; lastKnownFileType = image.png; path = "have_a_seat-nocaption.png"; sourceTree = "<group>"; };
		63BCCDCC1920E96B00C8508D /* have_several_seats-caption.png */ = {isa = PBXFileReference; lastKnownFileType = image.png; path = "have_several_seats-caption.png"; sourceTree = "<group>"; };
		63BCCDCD1920E96B00C8508D /* have_several_seats-nocaption.png */ = {isa = PBXFileReference; lastKnownFileType = image.png; path = "have_several_seats-nocaption.png"; sourceTree = "<group>"; };
		63BCCDCE1920E96B00C8508D /* hey_boo_hey-caption.png */ = {isa = PBXFileReference; lastKnownFileType = image.png; path = "hey_boo_hey-caption.png"; sourceTree = "<group>"; };
		63BCCDCF1920E96B00C8508D /* hey_boo_hey-nocaption.png */ = {isa = PBXFileReference; lastKnownFileType = image.png; path = "hey_boo_hey-nocaption.png"; sourceTree = "<group>"; };
		63BCCDD01920E96B00C8508D /* i_cant-caption.png */ = {isa = PBXFileReference; lastKnownFileType = image.png; path = "i_cant-caption.png"; sourceTree = "<group>"; };
		63BCCDD11920E96B00C8508D /* i_cant-nocaption.png */ = {isa = PBXFileReference; lastKnownFileType = image.png; path = "i_cant-nocaption.png"; sourceTree = "<group>"; };
		63BCCDD21920E96B00C8508D /* kisses-caption.png */ = {isa = PBXFileReference; lastKnownFileType = image.png; path = "kisses-caption.png"; sourceTree = "<group>"; };
		63BCCDD31920E96B00C8508D /* kisses-nocaption.png */ = {isa = PBXFileReference; lastKnownFileType = image.png; path = "kisses-nocaption.png"; sourceTree = "<group>"; };
		63BCCDD61920E96B00C8508D /* oh_crap-caption.png */ = {isa = PBXFileReference; lastKnownFileType = image.png; path = "oh_crap-caption.png"; sourceTree = "<group>"; };
		63BCCDD71920E96B00C8508D /* oh_crap-nocaption.png */ = {isa = PBXFileReference; lastKnownFileType = image.png; path = "oh_crap-nocaption.png"; sourceTree = "<group>"; };
		63BCCDD81920E96B00C8508D /* one_sec-caption.png */ = {isa = PBXFileReference; lastKnownFileType = image.png; path = "one_sec-caption.png"; sourceTree = "<group>"; };
		63BCCDD91920E96B00C8508D /* one_sec-nocaption.png */ = {isa = PBXFileReference; lastKnownFileType = image.png; path = "one_sec-nocaption.png"; sourceTree = "<group>"; };
		63BCCDDA1920E96B00C8508D /* really_female-caption.png */ = {isa = PBXFileReference; lastKnownFileType = image.png; path = "really_female-caption.png"; sourceTree = "<group>"; };
		63BCCDDB1920E96B00C8508D /* really_female-nocaption.png */ = {isa = PBXFileReference; lastKnownFileType = image.png; path = "really_female-nocaption.png"; sourceTree = "<group>"; };
		63BCCDDC1920E96B00C8508D /* really_male-caption.png */ = {isa = PBXFileReference; lastKnownFileType = image.png; path = "really_male-caption.png"; sourceTree = "<group>"; };
		63BCCDDD1920E96B00C8508D /* really_male-nocaption.png */ = {isa = PBXFileReference; lastKnownFileType = image.png; path = "really_male-nocaption.png"; sourceTree = "<group>"; };
		63BCCDDE1920E96B00C8508D /* shade-caption.png */ = {isa = PBXFileReference; lastKnownFileType = image.png; path = "shade-caption.png"; sourceTree = "<group>"; };
		63BCCDDF1920E96B00C8508D /* shade-nocaption.png */ = {isa = PBXFileReference; lastKnownFileType = image.png; path = "shade-nocaption.png"; sourceTree = "<group>"; };
		63BCCDE01920E96B00C8508D /* that_aint_funny-caption.png */ = {isa = PBXFileReference; lastKnownFileType = image.png; path = "that_aint_funny-caption.png"; sourceTree = "<group>"; };
		63BCCDE11920E96B00C8508D /* that_aint_funny-nocaption.png */ = {isa = PBXFileReference; lastKnownFileType = image.png; path = "that_aint_funny-nocaption.png"; sourceTree = "<group>"; };
		63BCCDE21920E96B00C8508D /* thinking_about_you-caption.png */ = {isa = PBXFileReference; lastKnownFileType = image.png; path = "thinking_about_you-caption.png"; sourceTree = "<group>"; };
		63BCCDE31920E96B00C8508D /* thinking_about_you-nocaption.png */ = {isa = PBXFileReference; lastKnownFileType = image.png; path = "thinking_about_you-nocaption.png"; sourceTree = "<group>"; };
		63BCCDE41920E96B00C8508D /* turn_up-caption.png */ = {isa = PBXFileReference; lastKnownFileType = image.png; path = "turn_up-caption.png"; sourceTree = "<group>"; };
		63BCCDE51920E96B00C8508D /* turn_up-nocaption.png */ = {isa = PBXFileReference; lastKnownFileType = image.png; path = "turn_up-nocaption.png"; sourceTree = "<group>"; };
		63BCCDE61920E96B00C8508D /* twerkteam-caption.png */ = {isa = PBXFileReference; lastKnownFileType = image.png; path = "twerkteam-caption.png"; sourceTree = "<group>"; };
		63BCCDE71920E96B00C8508D /* twerkteam-nocaption.png */ = {isa = PBXFileReference; lastKnownFileType = image.png; path = "twerkteam-nocaption.png"; sourceTree = "<group>"; };
		63BCCDE81920E96B00C8508D /* wont_he_do_it_female-caption.png */ = {isa = PBXFileReference; lastKnownFileType = image.png; path = "wont_he_do_it_female-caption.png"; sourceTree = "<group>"; };
		63BCCDE91920E96B00C8508D /* wont_he_do_it_female-nocaption.png */ = {isa = PBXFileReference; lastKnownFileType = image.png; path = "wont_he_do_it_female-nocaption.png"; sourceTree = "<group>"; };
		63BCCDEA1920E96B00C8508D /* wont_he_do_it_male-caption.png */ = {isa = PBXFileReference; lastKnownFileType = image.png; path = "wont_he_do_it_male-caption.png"; sourceTree = "<group>"; };
		63BCCDEB1920E96B00C8508D /* wont_he_do_it_male-nocaption.png */ = {isa = PBXFileReference; lastKnownFileType = image.png; path = "wont_he_do_it_male-nocaption.png"; sourceTree = "<group>"; };
		63BCCDEC1920E96B00C8508D /* wth-caption.png */ = {isa = PBXFileReference; lastKnownFileType = image.png; path = "wth-caption.png"; sourceTree = "<group>"; };
		63BCCDED1920E96B00C8508D /* wth-nocaption.png */ = {isa = PBXFileReference; lastKnownFileType = image.png; path = "wth-nocaption.png"; sourceTree = "<group>"; };
		63BCCDEE1920E96B00C8508D /* yas-caption.png */ = {isa = PBXFileReference; lastKnownFileType = image.png; path = "yas-caption.png"; sourceTree = "<group>"; };
		63BCCDEF1920E96B00C8508D /* yas-nocaption.png */ = {isa = PBXFileReference; lastKnownFileType = image.png; path = "yas-nocaption.png"; sourceTree = "<group>"; };
		63BCCDF01920E96B00C8508D /* you_mad-caption.png */ = {isa = PBXFileReference; lastKnownFileType = image.png; path = "you_mad-caption.png"; sourceTree = "<group>"; };
		63BCCDF11920E96B00C8508D /* you_mad-nocaption.png */ = {isa = PBXFileReference; lastKnownFileType = image.png; path = "you_mad-nocaption.png"; sourceTree = "<group>"; };
		63CE781918AD65090069049F /* GifDetailViewController.h */ = {isa = PBXFileReference; fileEncoding = 4; lastKnownFileType = sourcecode.c.h; path = GifDetailViewController.h; sourceTree = "<group>"; };
		63CE781A18AD65090069049F /* GifDetailViewController.m */ = {isa = PBXFileReference; fileEncoding = 4; lastKnownFileType = sourcecode.c.objc; path = GifDetailViewController.m; sourceTree = "<group>"; };
		63CE781C18AD6B040069049F /* EboticonViewController.h */ = {isa = PBXFileReference; fileEncoding = 4; lastKnownFileType = sourcecode.c.h; path = EboticonViewController.h; sourceTree = "<group>"; };
		63CE781D18AD6B040069049F /* EboticonViewController.m */ = {isa = PBXFileReference; fileEncoding = 4; lastKnownFileType = sourcecode.c.objc; path = EboticonViewController.m; sourceTree = "<group>"; };
		63D46B0719142CAD001A0ABB /* icant.gif */ = {isa = PBXFileReference; lastKnownFileType = image.gif; path = icant.gif; sourceTree = "<group>"; };
		63D57F8E192FCA2900C00C85 /* congrats-caption.gif */ = {isa = PBXFileReference; lastKnownFileType = image.gif; path = "congrats-caption.gif"; sourceTree = "<group>"; };
		63D57F8F192FCA2900C00C85 /* congrats-nocaption.gif */ = {isa = PBXFileReference; lastKnownFileType = image.gif; path = "congrats-nocaption.gif"; sourceTree = "<group>"; };
		63FAE3831868CC0200116D73 /* Eboticon.app */ = {isa = PBXFileReference; explicitFileType = wrapper.application; includeInIndex = 0; path = Eboticon.app; sourceTree = BUILT_PRODUCTS_DIR; };
		63FAE3861868CC0200116D73 /* Foundation.framework */ = {isa = PBXFileReference; lastKnownFileType = wrapper.framework; name = Foundation.framework; path = System/Library/Frameworks/Foundation.framework; sourceTree = SDKROOT; };
		63FAE3881868CC0200116D73 /* CoreGraphics.framework */ = {isa = PBXFileReference; lastKnownFileType = wrapper.framework; name = CoreGraphics.framework; path = System/Library/Frameworks/CoreGraphics.framework; sourceTree = SDKROOT; };
		63FAE38A1868CC0200116D73 /* UIKit.framework */ = {isa = PBXFileReference; lastKnownFileType = wrapper.framework; name = UIKit.framework; path = System/Library/Frameworks/UIKit.framework; sourceTree = SDKROOT; };
		63FAE38E1868CC0200116D73 /* Eboticon1.2-Info.plist */ = {isa = PBXFileReference; lastKnownFileType = text.plist.xml; path = "Eboticon1.2-Info.plist"; sourceTree = "<group>"; };
		63FAE3901868CC0200116D73 /* en */ = {isa = PBXFileReference; lastKnownFileType = text.plist.strings; name = en; path = en.lproj/InfoPlist.strings; sourceTree = "<group>"; };
		63FAE3921868CC0200116D73 /* main.m */ = {isa = PBXFileReference; lastKnownFileType = sourcecode.c.objc; path = main.m; sourceTree = "<group>"; };
		63FAE3941868CC0200116D73 /* Eboticon1.2-Prefix.pch */ = {isa = PBXFileReference; lastKnownFileType = sourcecode.c.h; path = "Eboticon1.2-Prefix.pch"; sourceTree = "<group>"; };
		63FAE3951868CC0200116D73 /* AppDelegate.h */ = {isa = PBXFileReference; lastKnownFileType = sourcecode.c.h; path = AppDelegate.h; sourceTree = "<group>"; };
		63FAE3961868CC0200116D73 /* AppDelegate.m */ = {isa = PBXFileReference; lastKnownFileType = sourcecode.c.objc; path = AppDelegate.m; sourceTree = "<group>"; };
		63FAE3991868CC0200116D73 /* Base */ = {isa = PBXFileReference; lastKnownFileType = file.storyboard; name = Base; path = Base.lproj/Main.storyboard; sourceTree = "<group>"; };
		63FAE39B1868CC0200116D73 /* MasterViewController.h */ = {isa = PBXFileReference; lastKnownFileType = sourcecode.c.h; path = MasterViewController.h; sourceTree = "<group>"; };
		63FAE39C1868CC0200116D73 /* MasterViewController.m */ = {isa = PBXFileReference; lastKnownFileType = sourcecode.c.objc; path = MasterViewController.m; sourceTree = "<group>"; };
		63FAE3A11868CC0200116D73 /* Images.xcassets */ = {isa = PBXFileReference; lastKnownFileType = folder.assetcatalog; path = Images.xcassets; sourceTree = "<group>"; };
		63FAE3A71868CC0200116D73 /* Eboticon1.2Tests.xctest */ = {isa = PBXFileReference; explicitFileType = wrapper.cfbundle; includeInIndex = 0; path = Eboticon1.2Tests.xctest; sourceTree = BUILT_PRODUCTS_DIR; };
		63FAE3A81868CC0200116D73 /* XCTest.framework */ = {isa = PBXFileReference; lastKnownFileType = wrapper.framework; name = XCTest.framework; path = Library/Frameworks/XCTest.framework; sourceTree = DEVELOPER_DIR; };
		63FAE3B01868CC0200116D73 /* Eboticon1.2Tests-Info.plist */ = {isa = PBXFileReference; lastKnownFileType = text.plist.xml; path = "Eboticon1.2Tests-Info.plist"; sourceTree = "<group>"; };
		63FAE3B21868CC0200116D73 /* en */ = {isa = PBXFileReference; lastKnownFileType = text.plist.strings; name = en; path = en.lproj/InfoPlist.strings; sourceTree = "<group>"; };
		63FAE3B41868CC0200116D73 /* Eboticon1_2Tests.m */ = {isa = PBXFileReference; lastKnownFileType = sourcecode.c.objc; path = Eboticon1_2Tests.m; sourceTree = "<group>"; };
		63FAE3BF1868CCE900116D73 /* JMCategoryData.h */ = {isa = PBXFileReference; fileEncoding = 4; lastKnownFileType = sourcecode.c.h; path = JMCategoryData.h; sourceTree = "<group>"; };
		63FAE3C01868CCE900116D73 /* JMCategoryData.m */ = {isa = PBXFileReference; fileEncoding = 4; lastKnownFileType = sourcecode.c.objc; path = JMCategoryData.m; sourceTree = "<group>"; };
		63FAE3C11868CCE900116D73 /* JMCategoriesData.h */ = {isa = PBXFileReference; fileEncoding = 4; lastKnownFileType = sourcecode.c.h; path = JMCategoriesData.h; sourceTree = "<group>"; };
		63FAE3C21868CCE900116D73 /* JMCategoriesData.m */ = {isa = PBXFileReference; fileEncoding = 4; lastKnownFileType = sourcecode.c.objc; path = JMCategoriesData.m; sourceTree = "<group>"; };
		86FECE51D319499E8C5B4ED8 /* libPods.a */ = {isa = PBXFileReference; explicitFileType = archive.ar; includeInIndex = 0; path = libPods.a; sourceTree = BUILT_PRODUCTS_DIR; };
		A2A2591941F7449AA600CC9A /* Pods.xcconfig */ = {isa = PBXFileReference; includeInIndex = 1; lastKnownFileType = text.xcconfig; name = Pods.xcconfig; path = Pods/Pods.xcconfig; sourceTree = "<group>"; };
/* End PBXFileReference section */

/* Begin PBXFrameworksBuildPhase section */
		63FAE3801868CC0200116D73 /* Frameworks */ = {
			isa = PBXFrameworksBuildPhase;
			buildActionMask = 2147483647;
			files = (
				63B6CB4318F06D5300D1F08A /* libsqlite3.dylib in Frameworks */,
				63376EC018E5FC5B00DC1204 /* libz.dylib in Frameworks */,
				63376EBE18E5FC5000DC1204 /* SystemConfiguration.framework in Frameworks */,
				63376EBC18E5FC4300DC1204 /* CoreData.framework in Frameworks */,
				63376EBA18E5FC3500DC1204 /* AdSupport.framework in Frameworks */,
				63A70AB418A6A0850075B829 /* StoreKit.framework in Frameworks */,
				63A70AB218A609970075B829 /* MessageUI.framework in Frameworks */,
				63FAE3891868CC0200116D73 /* CoreGraphics.framework in Frameworks */,
				63FAE38B1868CC0200116D73 /* UIKit.framework in Frameworks */,
				63FAE3871868CC0200116D73 /* Foundation.framework in Frameworks */,
				63376EB118E5FBF200DC1204 /* libGoogleAnalyticsServices.a in Frameworks */,
				024BBF66C11F427CBC9BE8D9 /* libPods.a in Frameworks */,
			);
			runOnlyForDeploymentPostprocessing = 0;
		};
		63FAE3A41868CC0200116D73 /* Frameworks */ = {
			isa = PBXFrameworksBuildPhase;
			buildActionMask = 2147483647;
			files = (
				63FAE3A91868CC0200116D73 /* XCTest.framework in Frameworks */,
				63FAE3AB1868CC0200116D73 /* UIKit.framework in Frameworks */,
				63FAE3AA1868CC0200116D73 /* Foundation.framework in Frameworks */,
			);
			runOnlyForDeploymentPostprocessing = 0;
		};
/* End PBXFrameworksBuildPhase section */

/* Begin PBXGroup section */
		63376EAF18E5FB5400DC1204 /* Google Analytics */ = {
			isa = PBXGroup;
			children = (
				63376EB218E5FC0800DC1204 /* Library */,
				63376EB018E5FBF200DC1204 /* libGoogleAnalyticsServices.a */,
			);
			name = "Google Analytics";
			sourceTree = "<group>";
		};
		63376EB218E5FC0800DC1204 /* Library */ = {
			isa = PBXGroup;
			children = (
				63376EB318E5FC0800DC1204 /* GAI.h */,
				63376EB418E5FC0800DC1204 /* GAIDictionaryBuilder.h */,
				63376EB518E5FC0800DC1204 /* GAIFields.h */,
				63376EB618E5FC0800DC1204 /* GAILogger.h */,
				63376EB718E5FC0800DC1204 /* GAITrackedViewController.h */,
				63376EB818E5FC0800DC1204 /* GAITracker.h */,
			);
			path = Library;
			sourceTree = "<group>";
		};
		6337EB37188B11A500332C75 /* Utility */ = {
			isa = PBXGroup;
			children = (
				63376EAF18E5FB5400DC1204 /* Google Analytics */,
				6373A00318C2467400E7ECBD /* Fonts */,
				63A70AB818A6A1000075B829 /* iTellAFriend */,
				6337EB38188B11AF00332C75 /* OLImage */,
			);
			name = Utility;
			sourceTree = "<group>";
		};
		6337EB38188B11AF00332C75 /* OLImage */ = {
			isa = PBXGroup;
			children = (
				6337EB39188B11D200332C75 /* OLImage.h */,
				6337EB3A188B11D200332C75 /* OLImage.m */,
				6337EB3B188B11D200332C75 /* OLImageView.h */,
				6337EB3C188B11D200332C75 /* OLImageView.m */,
			);
			name = OLImage;
			sourceTree = "<group>";
		};
		635182DC18F4125B00932C04 /* Animations */ = {
			isa = PBXGroup;
			children = (
				63BCCD4B1920E92200C8508D /* aint_nobody-caption.gif */,
				63BCCD4C1920E92200C8508D /* aint_nobody-nocaption.gif */,
				63D57F8E192FCA2900C00C85 /* congrats-caption.gif */,
				63D57F8F192FCA2900C00C85 /* congrats-nocaption.gif */,
				63BCCD4D1920E92200C8508D /* applause-nocaption.gif */,
				63BCCD4E1920E92200C8508D /* brb-caption.gif */,
				63BCCD4F1920E92200C8508D /* brb-nocaption.gif */,
				63BCCD521920E92200C8508D /* crying-caption.gif */,
				63BCCD531920E92200C8508D /* crying-nocaption.gif */,
				63BCCD541920E92200C8508D /* dead-caption.gif */,
				63BCCD551920E92200C8508D /* dead-nocaption.gif */,
				63BCCD561920E92200C8508D /* fabulous-caption.gif */,
				63BCCD571920E92200C8508D /* fabulous-nocaption.gif */,
				63BCCD581920E92200C8508D /* glory-caption.gif */,
				63BCCD591920E92200C8508D /* glory-nocaption.gif */,
				63BCCD5A1920E92200C8508D /* have_a_seat-caption.gif */,
				63BCCD5B1920E92200C8508D /* have_a_seat-nocaption.gif */,
				63BCCD5C1920E92200C8508D /* have_several_seats-caption.gif */,
				63BCCD5D1920E92200C8508D /* have_several_seats-nocaption.gif */,
				63BCCD5E1920E92200C8508D /* hey_boo_hey-caption.gif */,
				63BCCD5F1920E92200C8508D /* hey_boo_hey-nocaption.gif */,
				63BCCD601920E92200C8508D /* i_cant-caption.gif */,
				63BCCD611920E92200C8508D /* i_cant-nocaption.gif */,
				63BCCD621920E92200C8508D /* kisses-caption.gif */,
				63BCCD631920E92200C8508D /* kisses-nocaption.gif */,
				63BCCD641920E92200C8508D /* lmao-caption.gif */,
				63BCCD651920E92200C8508D /* lmao-nocaption.gif */,
				63BCCD661920E92200C8508D /* oh_crap-caption.gif */,
				63BCCD671920E92200C8508D /* oh_crap-nocaption.gif */,
				63BCCD681920E92200C8508D /* one_sec-caption.gif */,
				63BCCD691920E92200C8508D /* one_sec-nocaption.gif */,
				63BCCD6A1920E92200C8508D /* really_female-caption.gif */,
				63BCCD6B1920E92200C8508D /* really_female-nocaption.gif */,
				63BCCD6C1920E92200C8508D /* really_male-caption.gif */,
				63BCCD6D1920E92200C8508D /* really_male-nocaption.gif */,
				63BCCD6E1920E92200C8508D /* schwam-caption.gif */,
				63BCCD6F1920E92200C8508D /* schwam-nocaption.gif */,
				63BCCD701920E92200C8508D /* shade-caption.gif */,
				63BCCD711920E92200C8508D /* shade-nocaption.gif */,
				63BCCD721920E92200C8508D /* that_aint_funny-caption.gif */,
				63BCCD731920E92200C8508D /* that_aint_funny-nocaption.gif */,
				63BCCD741920E92200C8508D /* thinking_about_you-caption.gif */,
				63BCCD751920E92200C8508D /* thinking_about_you-nocaption.gif */,
				63BCCD761920E92200C8508D /* turn_up-caption.gif */,
				63BCCD771920E92200C8508D /* turn_up-nocaption.gif */,
				63BCCD781920E92200C8508D /* twerkteam-caption.gif */,
				63BCCD791920E92200C8508D /* twerkteam-nocaption.gif */,
				63BCCD7A1920E92200C8508D /* wont_he_do_it_female-caption.gif */,
				63BCCD7B1920E92200C8508D /* wont_he_do_it_female-nocaption.gif */,
				63BCCD7C1920E92200C8508D /* wont_he_do_it_male-caption.gif */,
				63BCCD7D1920E92200C8508D /* wont_he_do_it_male-nocaption.gif */,
				63BCCD7E1920E92200C8508D /* wth-caption.gif */,
				63BCCD7F1920E92200C8508D /* wth-nocaption.gif */,
				63BCCD801920E92200C8508D /* yas-caption.gif */,
				63BCCD811920E92200C8508D /* yas-nocaption.gif */,
				63BCCD821920E92200C8508D /* you_mad-caption.gif */,
				63BCCD831920E92200C8508D /* you_mad-nocaption.gif */,
			);
			name = Animations;
			sourceTree = "<group>";
		};
		63686131186D58DC00EF3CC5 /* Gifs */ = {
			isa = PBXGroup;
			children = (
				63BCCDBD1920E94F00C8508D /* Stills */,
				63D46B0719142CAD001A0ABB /* icant.gif */,
				635182DC18F4125B00932C04 /* Animations */,
			);
			name = Gifs;
			sourceTree = "<group>";
		};
		6373A00318C2467400E7ECBD /* Fonts */ = {
			isa = PBXGroup;
			children = (
				6373A00618C2471200E7ECBD /* linkinpark.ttf */,
			);
			name = Fonts;
			sourceTree = "<group>";
		};
		63A70AB818A6A1000075B829 /* iTellAFriend */ = {
			isa = PBXGroup;
			children = (
				63A70AB518A6A0F30075B829 /* iTellAFriend.h */,
				63A70AB618A6A0F30075B829 /* iTellAFriend.m */,
			);
			name = iTellAFriend;
			sourceTree = "<group>";
		};
		63BCCDBD1920E94F00C8508D /* Stills */ = {
			isa = PBXGroup;
			children = (
				63BCCDBE1920E96B00C8508D /* aint_nobody-caption.png */,
				6322EB8E1928214900E7BA72 /* lmao-caption.png */,
				6322EB8F1928214900E7BA72 /* lmao-nocaption.png */,
				63BCCDBF1920E96B00C8508D /* aint_nobody-nocaption.png */,
				63BCCDC01920E96B00C8508D /* congrats-caption.png */,
				63BCCDC11920E96B00C8508D /* congrats-nocaption.png */,
				63BCCDC21920E96B00C8508D /* crying-caption.png */,
				63BCCDC31920E96B00C8508D /* crying-nocaption.png */,
				63BCCDC41920E96B00C8508D /* dead-caption.png */,
				63BCCDC51920E96B00C8508D /* dead-nocaption.png */,
				63BCCDC61920E96B00C8508D /* fabulous-caption.png */,
				63BCCDC71920E96B00C8508D /* fabulous-nocaption.png */,
				63BCCDC81920E96B00C8508D /* glory-caption.png */,
				63BCCDC91920E96B00C8508D /* glory-nocaption.png */,
				63BCCDCA1920E96B00C8508D /* have_a_seat-caption.png */,
				63BCCDCB1920E96B00C8508D /* have_a_seat-nocaption.png */,
				63BCCDCC1920E96B00C8508D /* have_several_seats-caption.png */,
				63BCCDCD1920E96B00C8508D /* have_several_seats-nocaption.png */,
				63BCCDCE1920E96B00C8508D /* hey_boo_hey-caption.png */,
				63BCCDCF1920E96B00C8508D /* hey_boo_hey-nocaption.png */,
				63BCCDD01920E96B00C8508D /* i_cant-caption.png */,
				63BCCDD11920E96B00C8508D /* i_cant-nocaption.png */,
				63BCCDD21920E96B00C8508D /* kisses-caption.png */,
				63BCCDD31920E96B00C8508D /* kisses-nocaption.png */,
				63BCCDD61920E96B00C8508D /* oh_crap-caption.png */,
				63BCCDD71920E96B00C8508D /* oh_crap-nocaption.png */,
				63BCCDD81920E96B00C8508D /* one_sec-caption.png */,
				63BCCDD91920E96B00C8508D /* one_sec-nocaption.png */,
				63BCCDDA1920E96B00C8508D /* really_female-caption.png */,
				63BCCDDB1920E96B00C8508D /* really_female-nocaption.png */,
				63BCCDDC1920E96B00C8508D /* really_male-caption.png */,
				63BCCDDD1920E96B00C8508D /* really_male-nocaption.png */,
				63BCCDDE1920E96B00C8508D /* shade-caption.png */,
				63BCCDDF1920E96B00C8508D /* shade-nocaption.png */,
				63BCCDE01920E96B00C8508D /* that_aint_funny-caption.png */,
				63BCCDE11920E96B00C8508D /* that_aint_funny-nocaption.png */,
				63BCCDE21920E96B00C8508D /* thinking_about_you-caption.png */,
				63BCCDE31920E96B00C8508D /* thinking_about_you-nocaption.png */,
				63BCCDE41920E96B00C8508D /* turn_up-caption.png */,
				63BCCDE51920E96B00C8508D /* turn_up-nocaption.png */,
				63BCCDE61920E96B00C8508D /* twerkteam-caption.png */,
				63BCCDE71920E96B00C8508D /* twerkteam-nocaption.png */,
				63BCCDE81920E96B00C8508D /* wont_he_do_it_female-caption.png */,
				63BCCDE91920E96B00C8508D /* wont_he_do_it_female-nocaption.png */,
				63BCCDEA1920E96B00C8508D /* wont_he_do_it_male-caption.png */,
				63BCCDEB1920E96B00C8508D /* wont_he_do_it_male-nocaption.png */,
				63BCCDEC1920E96B00C8508D /* wth-caption.png */,
				63BCCDED1920E96B00C8508D /* wth-nocaption.png */,
				63BCCDEE1920E96B00C8508D /* yas-caption.png */,
				63BCCDEF1920E96B00C8508D /* yas-nocaption.png */,
				63BCCDF01920E96B00C8508D /* you_mad-caption.png */,
				63BCCDF11920E96B00C8508D /* you_mad-nocaption.png */,
			);
			name = Stills;
			sourceTree = "<group>";
		};
		63FAE37A1868CC0200116D73 = {
			isa = PBXGroup;
			children = (
				63FAE38C1868CC0200116D73 /* Eboticon1.2 */,
				63FAE3AE1868CC0200116D73 /* Eboticon1.2Tests */,
				63FAE3851868CC0200116D73 /* Frameworks */,
				63FAE3841868CC0200116D73 /* Products */,
				A2A2591941F7449AA600CC9A /* Pods.xcconfig */,
			);
			sourceTree = "<group>";
		};
		63FAE3841868CC0200116D73 /* Products */ = {
			isa = PBXGroup;
			children = (
				63FAE3831868CC0200116D73 /* Eboticon.app */,
				63FAE3A71868CC0200116D73 /* Eboticon1.2Tests.xctest */,
			);
			name = Products;
			sourceTree = "<group>";
		};
		63FAE3851868CC0200116D73 /* Frameworks */ = {
			isa = PBXGroup;
			children = (
				63B6CB4918F0B20000D1F08A /* libPods-CHCSVParser.a */,
				63B6CB4218F06D5300D1F08A /* libsqlite3.dylib */,
				63376EBF18E5FC5B00DC1204 /* libz.dylib */,
				63376EBD18E5FC5000DC1204 /* SystemConfiguration.framework */,
				63376EBB18E5FC4300DC1204 /* CoreData.framework */,
				63376EB918E5FC3500DC1204 /* AdSupport.framework */,
				63A70AB318A6A0850075B829 /* StoreKit.framework */,
				63A70AB118A609970075B829 /* MessageUI.framework */,
				63FAE3861868CC0200116D73 /* Foundation.framework */,
				63FAE3881868CC0200116D73 /* CoreGraphics.framework */,
				63FAE38A1868CC0200116D73 /* UIKit.framework */,
				63FAE3A81868CC0200116D73 /* XCTest.framework */,
				86FECE51D319499E8C5B4ED8 /* libPods.a */,
			);
			name = Frameworks;
			sourceTree = "<group>";
		};
		63FAE38C1868CC0200116D73 /* Eboticon1.2 */ = {
			isa = PBXGroup;
			children = (
				6337EB37188B11A500332C75 /* Utility */,
				63FAE3C91868DA8A00116D73 /* Media */,
				63FAE3BE1868CCCF00116D73 /* Model */,
				63FAE3951868CC0200116D73 /* AppDelegate.h */,
				63FAE3961868CC0200116D73 /* AppDelegate.m */,
				63FAE3981868CC0200116D73 /* Main.storyboard */,
				63CE781C18AD6B040069049F /* EboticonViewController.h */,
				63CE781D18AD6B040069049F /* EboticonViewController.m */,
				6351832F18F6BBA700932C04 /* EboticonGifCell.h */,
				6351833018F6BBA700932C04 /* EboticonGifCell.m */,
				635FBC9F18CA6A210054D163 /* GifCollectionViewFlowLayout.h */,
				635FBCA018CA6A210054D163 /* GifCollectionViewFlowLayout.m */,
				6368612B186D555C00EF3CC5 /* GifCollectionViewController.h */,
				6368612C186D555C00EF3CC5 /* GifCollectionViewController.m */,
				63FAE39B1868CC0200116D73 /* MasterViewController.h */,
				63FAE39C1868CC0200116D73 /* MasterViewController.m */,
				63CE781918AD65090069049F /* GifDetailViewController.h */,
				63CE781A18AD65090069049F /* GifDetailViewController.m */,
				63A70AAE18A606540075B829 /* MoreViewController.h */,
				63A70AAF18A606540075B829 /* MoreViewController.m */,
				63FAE3A11868CC0200116D73 /* Images.xcassets */,
				63FAE38D1868CC0200116D73 /* Supporting Files */,
			);
			path = Eboticon1.2;
			sourceTree = "<group>";
		};
		63FAE38D1868CC0200116D73 /* Supporting Files */ = {
			isa = PBXGroup;
			children = (
				63FAE38E1868CC0200116D73 /* Eboticon1.2-Info.plist */,
				63FAE38F1868CC0200116D73 /* InfoPlist.strings */,
				63FAE3921868CC0200116D73 /* main.m */,
				63FAE3941868CC0200116D73 /* Eboticon1.2-Prefix.pch */,
			);
			name = "Supporting Files";
			sourceTree = "<group>";
		};
		63FAE3AE1868CC0200116D73 /* Eboticon1.2Tests */ = {
			isa = PBXGroup;
			children = (
				63FAE3B41868CC0200116D73 /* Eboticon1_2Tests.m */,
				63FAE3AF1868CC0200116D73 /* Supporting Files */,
			);
			path = Eboticon1.2Tests;
			sourceTree = "<group>";
		};
		63FAE3AF1868CC0200116D73 /* Supporting Files */ = {
			isa = PBXGroup;
			children = (
				63FAE3B01868CC0200116D73 /* Eboticon1.2Tests-Info.plist */,
				63FAE3B11868CC0200116D73 /* InfoPlist.strings */,
			);
			name = "Supporting Files";
			sourceTree = "<group>";
		};
		63FAE3BE1868CCCF00116D73 /* Model */ = {
			isa = PBXGroup;
			children = (
				63FAE3BF1868CCE900116D73 /* JMCategoryData.h */,
				63FAE3C01868CCE900116D73 /* JMCategoryData.m */,
				63FAE3C11868CCE900116D73 /* JMCategoriesData.h */,
				63FAE3C21868CCE900116D73 /* JMCategoriesData.m */,
				63B6CB4418F07C9600D1F08A /* EboticonGif.h */,
				63B6CB4518F07C9600D1F08A /* EboticonGif.m */,
			);
			name = Model;
			sourceTree = "<group>";
		};
		63FAE3C91868DA8A00116D73 /* Media */ = {
			isa = PBXGroup;
			children = (
				63B6CB4718F0866A00D1F08A /* eboticon_gifs.csv */,
				63686131186D58DC00EF3CC5 /* Gifs */,
			);
			name = Media;
			sourceTree = "<group>";
		};
/* End PBXGroup section */

/* Begin PBXNativeTarget section */
		63FAE3821868CC0200116D73 /* Eboticon1.2 */ = {
			isa = PBXNativeTarget;
			buildConfigurationList = 63FAE3B81868CC0200116D73 /* Build configuration list for PBXNativeTarget "Eboticon1.2" */;
			buildPhases = (
				264B82EB419C47B68CD29948 /* Check Pods Manifest.lock */,
				63FAE37F1868CC0200116D73 /* Sources */,
				63FAE3801868CC0200116D73 /* Frameworks */,
				63FAE3811868CC0200116D73 /* Resources */,
				76FD957D2BCA4748884DC69C /* Copy Pods Resources */,
			);
			buildRules = (
			);
			dependencies = (
			);
			name = Eboticon1.2;
			productName = Eboticon1.2;
			productReference = 63FAE3831868CC0200116D73 /* Eboticon.app */;
			productType = "com.apple.product-type.application";
		};
		63FAE3A61868CC0200116D73 /* Eboticon1.2Tests */ = {
			isa = PBXNativeTarget;
			buildConfigurationList = 63FAE3BB1868CC0200116D73 /* Build configuration list for PBXNativeTarget "Eboticon1.2Tests" */;
			buildPhases = (
				63FAE3A31868CC0200116D73 /* Sources */,
				63FAE3A41868CC0200116D73 /* Frameworks */,
				63FAE3A51868CC0200116D73 /* Resources */,
			);
			buildRules = (
			);
			dependencies = (
				63FAE3AD1868CC0200116D73 /* PBXTargetDependency */,
			);
			name = Eboticon1.2Tests;
			productName = Eboticon1.2Tests;
			productReference = 63FAE3A71868CC0200116D73 /* Eboticon1.2Tests.xctest */;
			productType = "com.apple.product-type.bundle.unit-test";
		};
/* End PBXNativeTarget section */

/* Begin PBXProject section */
		63FAE37B1868CC0200116D73 /* Project object */ = {
			isa = PBXProject;
			attributes = {
				LastUpgradeCheck = 0510;
				ORGANIZATIONNAME = Incling;
				TargetAttributes = {
					63FAE3821868CC0200116D73 = {
						DevelopmentTeam = 662TV55PE6;
					};
					63FAE3A61868CC0200116D73 = {
						TestTargetID = 63FAE3821868CC0200116D73;
					};
				};
			};
			buildConfigurationList = 63FAE37E1868CC0200116D73 /* Build configuration list for PBXProject "Eboticon1.2" */;
			compatibilityVersion = "Xcode 3.2";
			developmentRegion = English;
			hasScannedForEncodings = 0;
			knownRegions = (
				en,
				Base,
			);
			mainGroup = 63FAE37A1868CC0200116D73;
			productRefGroup = 63FAE3841868CC0200116D73 /* Products */;
			projectDirPath = "";
			projectRoot = "";
			targets = (
				63FAE3821868CC0200116D73 /* Eboticon1.2 */,
				63FAE3A61868CC0200116D73 /* Eboticon1.2Tests */,
			);
		};
/* End PBXProject section */

/* Begin PBXResourcesBuildPhase section */
		63FAE3811868CC0200116D73 /* Resources */ = {
			isa = PBXResourcesBuildPhase;
			buildActionMask = 2147483647;
			files = (
				63BCCD8C1920E92200C8508D /* crying-nocaption.gif in Resources */,
				63BCCE1D1920E96B00C8508D /* wont_he_do_it_female-nocaption.png in Resources */,
				63BCCD871920E92200C8508D /* brb-caption.gif in Resources */,
				63BCCDAE1920E92200C8508D /* thinking_about_you-nocaption.gif in Resources */,
				63BCCDBA1920E92200C8508D /* yas-nocaption.gif in Resources */,
				63BCCE101920E96B00C8508D /* really_male-caption.png in Resources */,
				63BCCDB91920E92200C8508D /* yas-caption.gif in Resources */,
				63BCCE0D1920E96B00C8508D /* one_sec-nocaption.png in Resources */,
				63BCCE171920E96B00C8508D /* thinking_about_you-nocaption.png in Resources */,
				63BCCD961920E92200C8508D /* have_several_seats-nocaption.gif in Resources */,
				63BCCE111920E96B00C8508D /* really_male-nocaption.png in Resources */,
				63BCCD861920E92200C8508D /* applause-nocaption.gif in Resources */,
				63BCCD9C1920E92200C8508D /* kisses-nocaption.gif in Resources */,
				63BCCDF81920E96B00C8508D /* dead-caption.png in Resources */,
				63BCCDAA1920E92200C8508D /* shade-nocaption.gif in Resources */,
				63FAE3A21868CC0200116D73 /* Images.xcassets in Resources */,
				63BCCD9F1920E92200C8508D /* oh_crap-caption.gif in Resources */,
				63BCCE0A1920E96B00C8508D /* oh_crap-caption.png in Resources */,
				63BCCDFD1920E96B00C8508D /* glory-nocaption.png in Resources */,
				63BCCDFF1920E96B00C8508D /* have_a_seat-nocaption.png in Resources */,
				63BCCE231920E96B00C8508D /* yas-nocaption.png in Resources */,
				63D46B0819142CAD001A0ABB /* icant.gif in Resources */,
				63BCCE071920E96B00C8508D /* kisses-nocaption.png in Resources */,
				63BCCE1A1920E96B00C8508D /* twerkteam-caption.png in Resources */,
				63BCCDB01920E92200C8508D /* turn_up-nocaption.gif in Resources */,
				63BCCD981920E92200C8508D /* hey_boo_hey-nocaption.gif in Resources */,
				63BCCDAB1920E92200C8508D /* that_aint_funny-caption.gif in Resources */,
				63BCCDBB1920E92200C8508D /* you_mad-caption.gif in Resources */,
				63BCCD8E1920E92200C8508D /* dead-nocaption.gif in Resources */,
				63BCCD841920E92200C8508D /* aint_nobody-caption.gif in Resources */,
				63BCCDB31920E92200C8508D /* wont_he_do_it_female-caption.gif in Resources */,
				63BCCD851920E92200C8508D /* aint_nobody-nocaption.gif in Resources */,
				63BCCE151920E96B00C8508D /* that_aint_funny-nocaption.png in Resources */,
				63BCCE0C1920E96B00C8508D /* one_sec-caption.png in Resources */,
				63BCCDBC1920E92200C8508D /* you_mad-nocaption.gif in Resources */,
				63BCCDAD1920E92200C8508D /* thinking_about_you-caption.gif in Resources */,
				63BCCD951920E92200C8508D /* have_several_seats-caption.gif in Resources */,
				63BCCDA41920E92200C8508D /* really_female-nocaption.gif in Resources */,
				63BCCE121920E96B00C8508D /* shade-caption.png in Resources */,
				63BCCE051920E96B00C8508D /* i_cant-nocaption.png in Resources */,
				63BCCE1F1920E96B00C8508D /* wont_he_do_it_male-nocaption.png in Resources */,
				63BCCDB71920E92200C8508D /* wth-caption.gif in Resources */,
				63BCCDFA1920E96B00C8508D /* fabulous-caption.png in Resources */,
				63BCCE141920E96B00C8508D /* that_aint_funny-caption.png in Resources */,
				63BCCD9A1920E92200C8508D /* i_cant-nocaption.gif in Resources */,
				63BCCE021920E96B00C8508D /* hey_boo_hey-caption.png in Resources */,
				63BCCD911920E92200C8508D /* glory-caption.gif in Resources */,
				63FAE3911868CC0200116D73 /* InfoPlist.strings in Resources */,
				63BCCE1C1920E96B00C8508D /* wont_he_do_it_female-caption.png in Resources */,
				63BCCE0F1920E96B00C8508D /* really_female-nocaption.png in Resources */,
				63BCCDA01920E92200C8508D /* oh_crap-nocaption.gif in Resources */,
				63BCCDFC1920E96B00C8508D /* glory-caption.png in Resources */,
				63BCCDB11920E92200C8508D /* twerkteam-caption.gif in Resources */,
				63BCCDA31920E92200C8508D /* really_female-caption.gif in Resources */,
				63BCCDB41920E92200C8508D /* wont_he_do_it_female-nocaption.gif in Resources */,
				63BCCD901920E92200C8508D /* fabulous-nocaption.gif in Resources */,
				63BCCD881920E92200C8508D /* brb-nocaption.gif in Resources */,
				63BCCD9B1920E92200C8508D /* kisses-caption.gif in Resources */,
				63BCCDF61920E96B00C8508D /* crying-caption.png in Resources */,
				63BCCDFE1920E96B00C8508D /* have_a_seat-caption.png in Resources */,
				63BCCE201920E96B00C8508D /* wth-caption.png in Resources */,
				63BCCE131920E96B00C8508D /* shade-nocaption.png in Resources */,
				63BCCDAF1920E92200C8508D /* turn_up-caption.gif in Resources */,
				63BCCDF31920E96B00C8508D /* aint_nobody-nocaption.png in Resources */,
				63BCCD9E1920E92200C8508D /* lmao-nocaption.gif in Resources */,
				63BCCE161920E96B00C8508D /* thinking_about_you-caption.png in Resources */,
				63BCCE191920E96B00C8508D /* turn_up-nocaption.png in Resources */,
				63BCCE1B1920E96B00C8508D /* twerkteam-nocaption.png in Resources */,
				63BCCD941920E92200C8508D /* have_a_seat-nocaption.gif in Resources */,
				63B6CB4818F0866A00D1F08A /* eboticon_gifs.csv in Resources */,
				6322EB911928214900E7BA72 /* lmao-nocaption.png in Resources */,
				63BCCD8B1920E92200C8508D /* crying-caption.gif in Resources */,
				63BCCDA71920E92200C8508D /* schwam-caption.gif in Resources */,
				63BCCD8F1920E92200C8508D /* fabulous-caption.gif in Resources */,
				63BCCDB61920E92200C8508D /* wont_he_do_it_male-nocaption.gif in Resources */,
				63BCCDA51920E92200C8508D /* really_male-caption.gif in Resources */,
				63BCCDF91920E96B00C8508D /* dead-nocaption.png in Resources */,
				63BCCD9D1920E92200C8508D /* lmao-caption.gif in Resources */,
				63BCCDA61920E92200C8508D /* really_male-nocaption.gif in Resources */,
				63BCCD8D1920E92200C8508D /* dead-caption.gif in Resources */,
				63BCCDFB1920E96B00C8508D /* fabulous-nocaption.png in Resources */,
				63BCCE011920E96B00C8508D /* have_several_seats-nocaption.png in Resources */,
				63BCCDAC1920E92200C8508D /* that_aint_funny-nocaption.gif in Resources */,
				63BCCE0B1920E96B00C8508D /* oh_crap-nocaption.png in Resources */,
				63BCCDF71920E96B00C8508D /* crying-nocaption.png in Resources */,
				63BCCE181920E96B00C8508D /* turn_up-caption.png in Resources */,
				63BCCD921920E92200C8508D /* glory-nocaption.gif in Resources */,
				63BCCDB51920E92200C8508D /* wont_he_do_it_male-caption.gif in Resources */,
				63BCCE211920E96B00C8508D /* wth-nocaption.png in Resources */,
				63BCCDA11920E92200C8508D /* one_sec-caption.gif in Resources */,
				63BCCD991920E92200C8508D /* i_cant-caption.gif in Resources */,
				63BCCE031920E96B00C8508D /* hey_boo_hey-nocaption.png in Resources */,
				63BCCE041920E96B00C8508D /* i_cant-caption.png in Resources */,
				63BCCE0E1920E96B00C8508D /* really_female-caption.png in Resources */,
				63BCCDB81920E92200C8508D /* wth-nocaption.gif in Resources */,
				63BCCDB21920E92200C8508D /* twerkteam-nocaption.gif in Resources */,
				63BCCE251920E96B00C8508D /* you_mad-nocaption.png in Resources */,
				63BCCD971920E92200C8508D /* hey_boo_hey-caption.gif in Resources */,
				6322EB901928214900E7BA72 /* lmao-caption.png in Resources */,
				6373A00718C2471200E7ECBD /* linkinpark.ttf in Resources */,
				63BCCDF41920E96B00C8508D /* congrats-caption.png in Resources */,
				63BCCD931920E92200C8508D /* have_a_seat-caption.gif in Resources */,
				63BCCDF21920E96B00C8508D /* aint_nobody-caption.png in Resources */,
				63D57F91192FCA2900C00C85 /* congrats-nocaption.gif in Resources */,
				63BCCDA21920E92200C8508D /* one_sec-nocaption.gif in Resources */,
				63BCCE061920E96B00C8508D /* kisses-caption.png in Resources */,
				63BCCDA91920E92200C8508D /* shade-caption.gif in Resources */,
				63D57F90192FCA2900C00C85 /* congrats-caption.gif in Resources */,
				63BCCE241920E96B00C8508D /* you_mad-caption.png in Resources */,
				63BCCE221920E96B00C8508D /* yas-caption.png in Resources */,
				63FAE39A1868CC0200116D73 /* Main.storyboard in Resources */,
				63BCCE1E1920E96B00C8508D /* wont_he_do_it_male-caption.png in Resources */,
				63BCCDF51920E96B00C8508D /* congrats-nocaption.png in Resources */,
				63BCCE001920E96B00C8508D /* have_several_seats-caption.png in Resources */,
				63BCCDA81920E92200C8508D /* schwam-nocaption.gif in Resources */,
			);
			runOnlyForDeploymentPostprocessing = 0;
		};
		63FAE3A51868CC0200116D73 /* Resources */ = {
			isa = PBXResourcesBuildPhase;
			buildActionMask = 2147483647;
			files = (
				63FAE3B31868CC0200116D73 /* InfoPlist.strings in Resources */,
			);
			runOnlyForDeploymentPostprocessing = 0;
		};
/* End PBXResourcesBuildPhase section */

/* Begin PBXShellScriptBuildPhase section */
		264B82EB419C47B68CD29948 /* Check Pods Manifest.lock */ = {
			isa = PBXShellScriptBuildPhase;
			buildActionMask = 2147483647;
			files = (
			);
			inputPaths = (
			);
			name = "Check Pods Manifest.lock";
			outputPaths = (
			);
			runOnlyForDeploymentPostprocessing = 0;
			shellPath = /bin/sh;
			shellScript = "diff \"${PODS_ROOT}/../Podfile.lock\" \"${PODS_ROOT}/Manifest.lock\" > /dev/null\nif [[ $? != 0 ]] ; then\n    cat << EOM\nerror: The sandbox is not in sync with the Podfile.lock. Run 'pod install' or update your CocoaPods installation.\nEOM\n    exit 1\nfi\n";
			showEnvVarsInLog = 0;
		};
		76FD957D2BCA4748884DC69C /* Copy Pods Resources */ = {
			isa = PBXShellScriptBuildPhase;
			buildActionMask = 2147483647;
			files = (
			);
			inputPaths = (
			);
			name = "Copy Pods Resources";
			outputPaths = (
			);
			runOnlyForDeploymentPostprocessing = 0;
			shellPath = /bin/sh;
			shellScript = "\"${SRCROOT}/Pods/Pods-resources.sh\"\n";
			showEnvVarsInLog = 0;
		};
/* End PBXShellScriptBuildPhase section */

/* Begin PBXSourcesBuildPhase section */
		63FAE37F1868CC0200116D73 /* Sources */ = {
			isa = PBXSourcesBuildPhase;
			buildActionMask = 2147483647;
			files = (
				635FBCA118CA6A210054D163 /* GifCollectionViewFlowLayout.m in Sources */,
				63B6CB4618F07C9600D1F08A /* EboticonGif.m in Sources */,
				63CE781B18AD65090069049F /* GifDetailViewController.m in Sources */,
				63FAE3971868CC0200116D73 /* AppDelegate.m in Sources */,
				63FAE39D1868CC0200116D73 /* MasterViewController.m in Sources */,
				6337EB3D188B11D200332C75 /* OLImage.m in Sources */,
				6351833118F6BBA700932C04 /* EboticonGifCell.m in Sources */,
				63A70AB718A6A0F30075B829 /* iTellAFriend.m in Sources */,
				6368612D186D555C00EF3CC5 /* GifCollectionViewController.m in Sources */,
				63FAE3C41868CCE900116D73 /* JMCategoriesData.m in Sources */,
				63FAE3931868CC0200116D73 /* main.m in Sources */,
				63CE781E18AD6B040069049F /* EboticonViewController.m in Sources */,
				6337EB3E188B11D200332C75 /* OLImageView.m in Sources */,
				63A70AB018A606540075B829 /* MoreViewController.m in Sources */,
				63FAE3C31868CCE900116D73 /* JMCategoryData.m in Sources */,
			);
			runOnlyForDeploymentPostprocessing = 0;
		};
		63FAE3A31868CC0200116D73 /* Sources */ = {
			isa = PBXSourcesBuildPhase;
			buildActionMask = 2147483647;
			files = (
				63FAE3B51868CC0200116D73 /* Eboticon1_2Tests.m in Sources */,
			);
			runOnlyForDeploymentPostprocessing = 0;
		};
/* End PBXSourcesBuildPhase section */

/* Begin PBXTargetDependency section */
		63FAE3AD1868CC0200116D73 /* PBXTargetDependency */ = {
			isa = PBXTargetDependency;
			target = 63FAE3821868CC0200116D73 /* Eboticon1.2 */;
			targetProxy = 63FAE3AC1868CC0200116D73 /* PBXContainerItemProxy */;
		};
/* End PBXTargetDependency section */

/* Begin PBXVariantGroup section */
		63FAE38F1868CC0200116D73 /* InfoPlist.strings */ = {
			isa = PBXVariantGroup;
			children = (
				63FAE3901868CC0200116D73 /* en */,
			);
			name = InfoPlist.strings;
			sourceTree = "<group>";
		};
		63FAE3981868CC0200116D73 /* Main.storyboard */ = {
			isa = PBXVariantGroup;
			children = (
				63FAE3991868CC0200116D73 /* Base */,
			);
			name = Main.storyboard;
			sourceTree = "<group>";
		};
		63FAE3B11868CC0200116D73 /* InfoPlist.strings */ = {
			isa = PBXVariantGroup;
			children = (
				63FAE3B21868CC0200116D73 /* en */,
			);
			name = InfoPlist.strings;
			sourceTree = "<group>";
		};
/* End PBXVariantGroup section */

/* Begin XCBuildConfiguration section */
		63FAE3B61868CC0200116D73 /* Debug */ = {
			isa = XCBuildConfiguration;
			buildSettings = {
				ALWAYS_SEARCH_USER_PATHS = NO;
				ARCHS = "$(ARCHS_STANDARD)";
				CLANG_CXX_LANGUAGE_STANDARD = "gnu++0x";
				CLANG_CXX_LIBRARY = "libc++";
				CLANG_ENABLE_MODULES = YES;
				CLANG_ENABLE_OBJC_ARC = YES;
				CLANG_WARN_BOOL_CONVERSION = YES;
				CLANG_WARN_CONSTANT_CONVERSION = YES;
				CLANG_WARN_DIRECT_OBJC_ISA_USAGE = YES_ERROR;
				CLANG_WARN_EMPTY_BODY = YES;
				CLANG_WARN_ENUM_CONVERSION = YES;
				CLANG_WARN_INT_CONVERSION = YES;
				CLANG_WARN_OBJC_ROOT_CLASS = YES_ERROR;
				CLANG_WARN__DUPLICATE_METHOD_MATCH = YES;
				"CODE_SIGN_IDENTITY[sdk=iphoneos*]" = "iPhone Developer";
				COPY_PHASE_STRIP = NO;
				GCC_C_LANGUAGE_STANDARD = gnu99;
				GCC_DYNAMIC_NO_PIC = NO;
				GCC_OPTIMIZATION_LEVEL = 0;
				GCC_PREPROCESSOR_DEFINITIONS = (
					"DEBUG=1",
					"$(inherited)",
				);
				GCC_SYMBOLS_PRIVATE_EXTERN = NO;
				GCC_WARN_64_TO_32_BIT_CONVERSION = YES;
				GCC_WARN_ABOUT_RETURN_TYPE = YES_ERROR;
				GCC_WARN_UNDECLARED_SELECTOR = YES;
				GCC_WARN_UNINITIALIZED_AUTOS = YES;
				GCC_WARN_UNUSED_FUNCTION = YES;
				GCC_WARN_UNUSED_VARIABLE = YES;
				IPHONEOS_DEPLOYMENT_TARGET = 7.0;
				ONLY_ACTIVE_ARCH = YES;
				PROVISIONING_PROFILE = "CAFB51F5-1739-4141-8B03-84C44AC9EF0D";
				SDKROOT = iphoneos;
				VALID_ARCHS = "arm64 armv7 armv7s armv6";
			};
			name = Debug;
		};
		63FAE3B71868CC0200116D73 /* Release */ = {
			isa = XCBuildConfiguration;
			buildSettings = {
				ALWAYS_SEARCH_USER_PATHS = NO;
				ARCHS = "$(ARCHS_STANDARD)";
				CLANG_CXX_LANGUAGE_STANDARD = "gnu++0x";
				CLANG_CXX_LIBRARY = "libc++";
				CLANG_ENABLE_MODULES = YES;
				CLANG_ENABLE_OBJC_ARC = YES;
				CLANG_WARN_BOOL_CONVERSION = YES;
				CLANG_WARN_CONSTANT_CONVERSION = YES;
				CLANG_WARN_DIRECT_OBJC_ISA_USAGE = YES_ERROR;
				CLANG_WARN_EMPTY_BODY = YES;
				CLANG_WARN_ENUM_CONVERSION = YES;
				CLANG_WARN_INT_CONVERSION = YES;
				CLANG_WARN_OBJC_ROOT_CLASS = YES_ERROR;
				CLANG_WARN__DUPLICATE_METHOD_MATCH = YES;
				"CODE_SIGN_IDENTITY[sdk=iphoneos*]" = "iPhone Developer";
				COPY_PHASE_STRIP = YES;
				ENABLE_NS_ASSERTIONS = NO;
				GCC_C_LANGUAGE_STANDARD = gnu99;
				GCC_WARN_64_TO_32_BIT_CONVERSION = YES;
				GCC_WARN_ABOUT_RETURN_TYPE = YES_ERROR;
				GCC_WARN_UNDECLARED_SELECTOR = YES;
				GCC_WARN_UNINITIALIZED_AUTOS = YES;
				GCC_WARN_UNUSED_FUNCTION = YES;
				GCC_WARN_UNUSED_VARIABLE = YES;
				IPHONEOS_DEPLOYMENT_TARGET = 7.0;
				PROVISIONING_PROFILE = "CAFB51F5-1739-4141-8B03-84C44AC9EF0D";
				SDKROOT = iphoneos;
				VALIDATE_PRODUCT = YES;
				VALID_ARCHS = "arm64 armv7 armv7s armv6";
			};
			name = Release;
		};
		63FAE3B91868CC0200116D73 /* Debug */ = {
			isa = XCBuildConfiguration;
			baseConfigurationReference = A2A2591941F7449AA600CC9A /* Pods.xcconfig */;
			buildSettings = {
				ASSETCATALOG_COMPILER_APPICON_NAME = AppIcon;
				ASSETCATALOG_COMPILER_LAUNCHIMAGE_NAME = LaunchImage;
				CODE_SIGN_IDENTITY = "iPhone Developer";
				"CODE_SIGN_IDENTITY[sdk=iphoneos*]" = "iPhone Developer";
				GCC_PRECOMPILE_PREFIX_HEADER = YES;
				GCC_PREFIX_HEADER = "Eboticon1.2/Eboticon1.2-Prefix.pch";
				INFOPLIST_FILE = "Eboticon1.2/Eboticon1.2-Info.plist";
				IPHONEOS_DEPLOYMENT_TARGET = 7.0;
				LIBRARY_SEARCH_PATHS = (
					"$(inherited)",
					/Users/jarrydmccree/Incling/Projects/Eboticon/App/Master/Eboticon1.2/Eboticon1.2,
				);
				ONLY_ACTIVE_ARCH = NO;
				PRODUCT_NAME = Eboticon;
				PROVISIONING_PROFILE = "";
				TARGETED_DEVICE_FAMILY = 1;
				VALID_ARCHS = "armv7 armv7s";
				WRAPPER_EXTENSION = app;
			};
			name = Debug;
		};
		63FAE3BA1868CC0200116D73 /* Release */ = {
			isa = XCBuildConfiguration;
			baseConfigurationReference = A2A2591941F7449AA600CC9A /* Pods.xcconfig */;
			buildSettings = {
				ASSETCATALOG_COMPILER_APPICON_NAME = AppIcon;
				ASSETCATALOG_COMPILER_LAUNCHIMAGE_NAME = LaunchImage;
				CODE_SIGN_IDENTITY = "iPhone Developer";
				"CODE_SIGN_IDENTITY[sdk=iphoneos*]" = "iPhone Developer";
				GCC_PRECOMPILE_PREFIX_HEADER = YES;
				GCC_PREFIX_HEADER = "Eboticon1.2/Eboticon1.2-Prefix.pch";
				INFOPLIST_FILE = "Eboticon1.2/Eboticon1.2-Info.plist";
				IPHONEOS_DEPLOYMENT_TARGET = 7.0;
				LIBRARY_SEARCH_PATHS = (
					"$(inherited)",
					/Users/jarrydmccree/Incling/Projects/Eboticon/App/Master/Eboticon1.2/Eboticon1.2,
				);
				ONLY_ACTIVE_ARCH = NO;
				PRODUCT_NAME = Eboticon;
				PROVISIONING_PROFILE = "";
				TARGETED_DEVICE_FAMILY = 1;
				VALID_ARCHS = "armv7 armv7s";
				WRAPPER_EXTENSION = app;
			};
			name = Release;
		};
		63FAE3BC1868CC0200116D73 /* Debug */ = {
			isa = XCBuildConfiguration;
			buildSettings = {
				BUNDLE_LOADER = "$(BUILT_PRODUCTS_DIR)/Eboticon1.2.app/Eboticon1.2";
				FRAMEWORK_SEARCH_PATHS = (
					"$(SDKROOT)/Developer/Library/Frameworks",
					"$(inherited)",
					"$(DEVELOPER_FRAMEWORKS_DIR)",
				);
				GCC_PRECOMPILE_PREFIX_HEADER = YES;
				GCC_PREFIX_HEADER = "Eboticon1.2/Eboticon1.2-Prefix.pch";
				GCC_PREPROCESSOR_DEFINITIONS = (
					"DEBUG=1",
					"$(inherited)",
				);
				INFOPLIST_FILE = "Eboticon1.2Tests/Eboticon1.2Tests-Info.plist";
				PRODUCT_NAME = "$(TARGET_NAME)";
				TEST_HOST = "$(BUNDLE_LOADER)";
				WRAPPER_EXTENSION = xctest;
			};
			name = Debug;
		};
		63FAE3BD1868CC0200116D73 /* Release */ = {
			isa = XCBuildConfiguration;
			buildSettings = {
				BUNDLE_LOADER = "$(BUILT_PRODUCTS_DIR)/Eboticon1.2.app/Eboticon1.2";
				FRAMEWORK_SEARCH_PATHS = (
					"$(SDKROOT)/Developer/Library/Frameworks",
					"$(inherited)",
					"$(DEVELOPER_FRAMEWORKS_DIR)",
				);
				GCC_PRECOMPILE_PREFIX_HEADER = YES;
				GCC_PREFIX_HEADER = "Eboticon1.2/Eboticon1.2-Prefix.pch";
				INFOPLIST_FILE = "Eboticon1.2Tests/Eboticon1.2Tests-Info.plist";
				PRODUCT_NAME = "$(TARGET_NAME)";
				TEST_HOST = "$(BUNDLE_LOADER)";
				WRAPPER_EXTENSION = xctest;
			};
			name = Release;
		};
/* End XCBuildConfiguration section */

/* Begin XCConfigurationList section */
		63FAE37E1868CC0200116D73 /* Build configuration list for PBXProject "Eboticon1.2" */ = {
			isa = XCConfigurationList;
			buildConfigurations = (
				63FAE3B61868CC0200116D73 /* Debug */,
				63FAE3B71868CC0200116D73 /* Release */,
			);
			defaultConfigurationIsVisible = 0;
			defaultConfigurationName = Release;
		};
		63FAE3B81868CC0200116D73 /* Build configuration list for PBXNativeTarget "Eboticon1.2" */ = {
			isa = XCConfigurationList;
			buildConfigurations = (
				63FAE3B91868CC0200116D73 /* Debug */,
				63FAE3BA1868CC0200116D73 /* Release */,
			);
			defaultConfigurationIsVisible = 0;
			defaultConfigurationName = Release;
		};
		63FAE3BB1868CC0200116D73 /* Build configuration list for PBXNativeTarget "Eboticon1.2Tests" */ = {
			isa = XCConfigurationList;
			buildConfigurations = (
				63FAE3BC1868CC0200116D73 /* Debug */,
				63FAE3BD1868CC0200116D73 /* Release */,
			);
			defaultConfigurationIsVisible = 0;
			defaultConfigurationName = Release;
		};
/* End XCConfigurationList section */
	};
	rootObject = 63FAE37B1868CC0200116D73 /* Project object */;
}
